// !$*UTF8*$!
{
	archiveVersion = 1;
	classes = {
	};
	objectVersion = 46;
	objects = {

/* Begin PBXBuildFile section */
		7A04D8B71CA28770008A58EA /* AlipaySDK.bundle in Frameworks */ = {isa = PBXBuildFile; fileRef = 7A04D8B41CA28770008A58EA /* AlipaySDK.bundle */; };
		7A04D8B81CA28770008A58EA /* AlipaySDK.framework in Frameworks */ = {isa = PBXBuildFile; fileRef = 7A04D8B51CA28770008A58EA /* AlipaySDK.framework */; };
		7A04D8B91CA28770008A58EA /* BmobPay.framework in Frameworks */ = {isa = PBXBuildFile; fileRef = 7A04D8B61CA28770008A58EA /* BmobPay.framework */; };
		7A04D8BB1CA2882D008A58EA /* CoreMotion.framework in Frameworks */ = {isa = PBXBuildFile; fileRef = 7A04D8BA1CA2882D008A58EA /* CoreMotion.framework */; };
		7A04D8C11CA28B9E008A58EA /* AlipaySDK.bundle in Resources */ = {isa = PBXBuildFile; fileRef = 7A04D8BD1CA28B9E008A58EA /* AlipaySDK.bundle */; };
		7A04D8C21CA28B9E008A58EA /* AlipaySDK.framework in Frameworks */ = {isa = PBXBuildFile; fileRef = 7A04D8BE1CA28B9E008A58EA /* AlipaySDK.framework */; };
		7A04D8C31CA28B9E008A58EA /* BmobPay.framework in Frameworks */ = {isa = PBXBuildFile; fileRef = 7A04D8BF1CA28B9E008A58EA /* BmobPay.framework */; };
		7A04D8C41CA28B9E008A58EA /* 更新日志.rtf in Resources */ = {isa = PBXBuildFile; fileRef = 7A04D8C01CA28B9E008A58EA /* 更新日志.rtf */; };
		7A04D8C61CA29C1C008A58EA /* Money.jpg in Resources */ = {isa = PBXBuildFile; fileRef = 7A04D8C51CA29C1C008A58EA /* Money.jpg */; };
		7A04D8C91CA29D7A008A58EA /* MoveViewController.m in Sources */ = {isa = PBXBuildFile; fileRef = 7A04D8C81CA29D7A008A58EA /* MoveViewController.m */; };
		7A04D8CC1CA2A00F008A58EA /* AiLuoyang.m in Sources */ = {isa = PBXBuildFile; fileRef = 7A04D8CB1CA2A00F008A58EA /* AiLuoyang.m */; };
		7A04D8CE1CA2A37A008A58EA /* ailuoyang.plist in Resources */ = {isa = PBXBuildFile; fileRef = 7A04D8CD1CA2A37A008A58EA /* ailuoyang.plist */; };
		7A07F7A41C9AC750008532DE /* NearViewController.m in Sources */ = {isa = PBXBuildFile; fileRef = 7A07F7A31C9AC750008532DE /* NearViewController.m */; };
		7A0E430F1C99985B0078D4A3 /* serviceModel.m in Sources */ = {isa = PBXBuildFile; fileRef = 7A0E430D1C99985B0078D4A3 /* serviceModel.m */; };
		7A0E43131C99986C0078D4A3 /* ServiceCollectionViewCell.m in Sources */ = {isa = PBXBuildFile; fileRef = 7A0E43101C99986C0078D4A3 /* ServiceCollectionViewCell.m */; };
		7A0E43141C99986C0078D4A3 /* ServiceCollectionViewCell.xib in Resources */ = {isa = PBXBuildFile; fileRef = 7A0E43111C99986C0078D4A3 /* ServiceCollectionViewCell.xib */; };
		7A182BF81CA426B100E99485 /* moveStoryboard.storyboard in Resources */ = {isa = PBXBuildFile; fileRef = 7A182BF71CA426B100E99485 /* moveStoryboard.storyboard */; };
		7A1A65E91C9E49F400A48CD9 /* QuartzCore.framework in Frameworks */ = {isa = PBXBuildFile; fileRef = 7A1A65E81C9E49F400A48CD9 /* QuartzCore.framework */; };
		7A1A65EB1C9E4A0000A48CD9 /* ImageIO.framework in Frameworks */ = {isa = PBXBuildFile; fileRef = 7A1A65EA1C9E4A0000A48CD9 /* ImageIO.framework */; };
		7A1A65ED1C9E4A1F00A48CD9 /* Security.framework in Frameworks */ = {isa = PBXBuildFile; fileRef = 7A1A65EC1C9E4A1F00A48CD9 /* Security.framework */; };
		7A1A65EF1C9E4A3E00A48CD9 /* CoreText.framework in Frameworks */ = {isa = PBXBuildFile; fileRef = 7A1A65EE1C9E4A3E00A48CD9 /* CoreText.framework */; };
		7A1A65F11C9E4A4800A48CD9 /* UIKit.framework in Frameworks */ = {isa = PBXBuildFile; fileRef = 7A1A65F01C9E4A4800A48CD9 /* UIKit.framework */; };
		7A1A65F31C9E4A5B00A48CD9 /* Foundation.framework in Frameworks */ = {isa = PBXBuildFile; fileRef = 7A1A65F21C9E4A5B00A48CD9 /* Foundation.framework */; };
		7A1A65F51C9E4A6500A48CD9 /* CoreGraphics.framework in Frameworks */ = {isa = PBXBuildFile; fileRef = 7A1A65F41C9E4A6500A48CD9 /* CoreGraphics.framework */; };
		7A1A66061C9E4E0400A48CD9 /* libWeiboSDK.a in Frameworks */ = {isa = PBXBuildFile; fileRef = 7A1A65FA1C9E4E0400A48CD9 /* libWeiboSDK.a */; };
		7A1A66071C9E4E0400A48CD9 /* WeiboSDK.bundle in Resources */ = {isa = PBXBuildFile; fileRef = 7A1A66031C9E4E0400A48CD9 /* WeiboSDK.bundle */; };
		7A1A660A1C9E523200A48CD9 /* ShareView.m in Sources */ = {isa = PBXBuildFile; fileRef = 7A1A66091C9E523200A48CD9 /* ShareView.m */; };
		7A1A660D1C9E557100A48CD9 /* UIView+Extension.m in Sources */ = {isa = PBXBuildFile; fileRef = 7A1A660C1C9E557100A48CD9 /* UIView+Extension.m */; };
		7A1A66141C9E84A800A48CD9 /* libWeChatSDK.a in Frameworks */ = {isa = PBXBuildFile; fileRef = 7A1A660F1C9E84A800A48CD9 /* libWeChatSDK.a */; };
		7A1A66151C9E84A800A48CD9 /* read_me.txt in Resources */ = {isa = PBXBuildFile; fileRef = 7A1A66101C9E84A800A48CD9 /* read_me.txt */; };
		7A1A66171C9E859200A48CD9 /* libsqlite3.0.tbd in Frameworks */ = {isa = PBXBuildFile; fileRef = 7A1A66161C9E859200A48CD9 /* libsqlite3.0.tbd */; };
		7A1A66191C9E85AA00A48CD9 /* libc++.tbd in Frameworks */ = {isa = PBXBuildFile; fileRef = 7A1A66181C9E85AA00A48CD9 /* libc++.tbd */; };
		7A2DDEAD1CA230120082F3CB /* jpush-ios-2.1.0.a in Frameworks */ = {isa = PBXBuildFile; fileRef = 7A2DDEAB1CA230120082F3CB /* jpush-ios-2.1.0.a */; };
		7A2DDEAF1CA230750082F3CB /* CFNetwork.framework in Frameworks */ = {isa = PBXBuildFile; fileRef = 7A2DDEAE1CA230750082F3CB /* CFNetwork.framework */; };
		7A2DDEB11CA230BD0082F3CB /* CoreFoundation.framework in Frameworks */ = {isa = PBXBuildFile; fileRef = 7A2DDEB01CA230BD0082F3CB /* CoreFoundation.framework */; };
		7A2DDEB31CA232920082F3CB /* PushConfig.plist in Resources */ = {isa = PBXBuildFile; fileRef = 7A2DDEB21CA232920082F3CB /* PushConfig.plist */; };
		7A2DDEB61CA246B10082F3CB /* aboutViewController.m in Sources */ = {isa = PBXBuildFile; fileRef = 7A2DDEB51CA246B10082F3CB /* aboutViewController.m */; };
		7A4055A91C9817490040895C /* ServicedidViewController.m in Sources */ = {isa = PBXBuildFile; fileRef = 7A4055A81C9817490040895C /* ServicedidViewController.m */; };
		7A43EC5A1C9EAB5B00F880EF /* SYTCodeScanerViewController.m in Sources */ = {isa = PBXBuildFile; fileRef = 7A43EC591C9EAB5B00F880EF /* SYTCodeScanerViewController.m */; };
		7A4649281CA12F6F00E4DBD4 /* SettingViewController.m in Sources */ = {isa = PBXBuildFile; fileRef = 7A4649271CA12F6F00E4DBD4 /* SettingViewController.m */; };
		7A4649311CA14FD000E4DBD4 /* QRCameraSwitchButton.m in Sources */ = {isa = PBXBuildFile; fileRef = 7A46492B1CA14FD000E4DBD4 /* QRCameraSwitchButton.m */; };
		7A4649321CA14FD000E4DBD4 /* QRCodeReaderView.m in Sources */ = {isa = PBXBuildFile; fileRef = 7A46492E1CA14FD000E4DBD4 /* QRCodeReaderView.m */; };
		7A4649331CA14FD000E4DBD4 /* QRCodeReaderViewController.m in Sources */ = {isa = PBXBuildFile; fileRef = 7A4649301CA14FD000E4DBD4 /* QRCodeReaderViewController.m */; };
		7A4649351CA1737A00E4DBD4 /* defaultImage.jpg in Resources */ = {isa = PBXBuildFile; fileRef = 7A4649341CA1737A00E4DBD4 /* defaultImage.jpg */; };
		7A5CFACC1C97C81C0002AF99 /* main.m in Sources */ = {isa = PBXBuildFile; fileRef = 7A5CFACB1C97C81C0002AF99 /* main.m */; };
		7A5CFACF1C97C81C0002AF99 /* AppDelegate.m in Sources */ = {isa = PBXBuildFile; fileRef = 7A5CFACE1C97C81C0002AF99 /* AppDelegate.m */; };
		7A5CFAD11C97C81C0002AF99 /* Assets.xcassets in Resources */ = {isa = PBXBuildFile; fileRef = 7A5CFAD01C97C81C0002AF99 /* Assets.xcassets */; };
		7A5CFAD41C97C81C0002AF99 /* LaunchScreen.storyboard in Resources */ = {isa = PBXBuildFile; fileRef = 7A5CFAD21C97C81C0002AF99 /* LaunchScreen.storyboard */; };
		7A5CFB031C97C8C10002AF99 /* MessageViewController.m in Sources */ = {isa = PBXBuildFile; fileRef = 7A5CFAE31C97C8C10002AF99 /* MessageViewController.m */; };
		7A5CFB041C97C8C10002AF99 /* NewsViewController.m in Sources */ = {isa = PBXBuildFile; fileRef = 7A5CFAE91C97C8C10002AF99 /* NewsViewController.m */; };
		7A5CFB051C97C8C10002AF99 /* HWTools.m in Sources */ = {isa = PBXBuildFile; fileRef = 7A5CFAEF1C97C8C10002AF99 /* HWTools.m */; };
		7A5CFB061C97C8C10002AF99 /* ProgressHUD.bundle in Resources */ = {isa = PBXBuildFile; fileRef = 7A5CFAF21C97C8C10002AF99 /* ProgressHUD.bundle */; };
		7A5CFB071C97C8C10002AF99 /* ProgressHUD.m in Sources */ = {isa = PBXBuildFile; fileRef = 7A5CFAF41C97C8C10002AF99 /* ProgressHUD.m */; };
		7A5CFB081C97C8C10002AF99 /* UIViewController+Common.m in Sources */ = {isa = PBXBuildFile; fileRef = 7A5CFAF61C97C8C10002AF99 /* UIViewController+Common.m */; };
		7A5CFB091C97C8C10002AF99 /* ServiceViewController.m in Sources */ = {isa = PBXBuildFile; fileRef = 7A5CFAFA1C97C8C10002AF99 /* ServiceViewController.m */; };
		7A5CFB0A1C97C8C10002AF99 /* ShowViewController.m in Sources */ = {isa = PBXBuildFile; fileRef = 7A5CFB001C97C8C10002AF99 /* ShowViewController.m */; };
		7A5CFB0D1C97D8280002AF99 /* NewsModel.m in Sources */ = {isa = PBXBuildFile; fileRef = 7A5CFB0C1C97D8280002AF99 /* NewsModel.m */; };
		7A5CFB0F1C97DCA10002AF99 /* News.plist in Resources */ = {isa = PBXBuildFile; fileRef = 7A5CFB0E1C97DCA10002AF99 /* News.plist */; };
		7A5CFB121C980B4C0002AF99 /* NewsCollectionViewCell.m in Sources */ = {isa = PBXBuildFile; fileRef = 7A5CFB111C980B4C0002AF99 /* NewsCollectionViewCell.m */; };
		7A5CFB181C9824190002AF99 /* NewsTwoViewController.m in Sources */ = {isa = PBXBuildFile; fileRef = 7A5CFB171C9824190002AF99 /* NewsTwoViewController.m */; };
		7A5CFB1A1C9845060002AF99 /* TouchItems.plist in Resources */ = {isa = PBXBuildFile; fileRef = 7A5CFB191C9845060002AF99 /* TouchItems.plist */; };
		7A6254001CA0344B002CA7E1 /* image1.jpg in Resources */ = {isa = PBXBuildFile; fileRef = 7A6253FF1CA0344A002CA7E1 /* image1.jpg */; };
		7A6254021CA034C1002CA7E1 /* image2.jpg in Resources */ = {isa = PBXBuildFile; fileRef = 7A6254011CA034C1002CA7E1 /* image2.jpg */; };
		7A7073C21C9CF3CE00D13F7B /* DiscussViewController.m in Sources */ = {isa = PBXBuildFile; fileRef = 7A7073C11C9CF3CE00D13F7B /* DiscussViewController.m */; };
		7A7EDBA91C993AAC00DC6EDF /* LocationViewController.m in Sources */ = {isa = PBXBuildFile; fileRef = 7A7EDBA81C993AAC00DC6EDF /* LocationViewController.m */; };
		7A8131AC1C9BFF4100114348 /* UIView+YSTextInputKeyboard.m in Sources */ = {isa = PBXBuildFile; fileRef = 7A8131AB1C9BFF4100114348 /* UIView+YSTextInputKeyboard.m */; };
		7A93966D1C9D5BAE0008DC18 /* CollectViewController.m in Sources */ = {isa = PBXBuildFile; fileRef = 7A93966C1C9D5BAE0008DC18 /* CollectViewController.m */; };
		7A94AC201C9F792700E676E7 /* libsqlite3.tbd in Frameworks */ = {isa = PBXBuildFile; fileRef = 7A1A65F61C9E4A8A00A48CD9 /* libsqlite3.tbd */; };
		7A98C2E51CA02A2E00EC4C74 /* Collect.m in Sources */ = {isa = PBXBuildFile; fileRef = 7A98C2E41CA02A2E00EC4C74 /* Collect.m */; };
		7A98C2E81CA02C4400EC4C74 /* DataBaseManger.m in Sources */ = {isa = PBXBuildFile; fileRef = 7A98C2E71CA02C4400EC4C74 /* DataBaseManger.m */; };
		7A9F19271C9E4C3B0009758B /* CustomAnnotationView.m in Sources */ = {isa = PBXBuildFile; fileRef = 7A9F19261C9E4C3B0009758B /* CustomAnnotationView.m */; };
		7A9F192A1C9E4C6F0009758B /* CustomCalloutView.m in Sources */ = {isa = PBXBuildFile; fileRef = 7A9F19291C9E4C6F0009758B /* CustomCalloutView.m */; };
		7AA00C3D1C97E1AC00FD6D15 /* LICENCE.txt in Resources */ = {isa = PBXBuildFile; fileRef = 7AA00C371C97E1AC00FD6D15 /* LICENCE.txt */; };
		7AA00C3E1C97E1AC00FD6D15 /* Reachability.m in Sources */ = {isa = PBXBuildFile; fileRef = 7AA00C391C97E1AC00FD6D15 /* Reachability.m */; };
		7AA00C3F1C97E1AC00FD6D15 /* README.md in Sources */ = {isa = PBXBuildFile; fileRef = 7AA00C3A1C97E1AC00FD6D15 /* README.md */; };
		7AA00C401C97E1AC00FD6D15 /* ZMYNetManager.m in Sources */ = {isa = PBXBuildFile; fileRef = 7AA00C3C1C97E1AC00FD6D15 /* ZMYNetManager.m */; };
		7AA00C421C97E87600FD6D15 /* service.plist in Resources */ = {isa = PBXBuildFile; fileRef = 7AA00C411C97E87600FD6D15 /* service.plist */; };
		7AABFFA21CA0E6CA005CB2BA /* LeftViewController.m in Sources */ = {isa = PBXBuildFile; fileRef = 7AABFFA11CA0E6CA005CB2BA /* LeftViewController.m */; };
		7AABFFAA1CA0E73A005CB2BA /* RECommonFunctions.m in Sources */ = {isa = PBXBuildFile; fileRef = 7AABFFA51CA0E73A005CB2BA /* RECommonFunctions.m */; };
		7AABFFAB1CA0E73A005CB2BA /* RESideMenu.m in Sources */ = {isa = PBXBuildFile; fileRef = 7AABFFA71CA0E73A005CB2BA /* RESideMenu.m */; };
		7AABFFAC1CA0E73A005CB2BA /* UIViewController+RESideMenu.m in Sources */ = {isa = PBXBuildFile; fileRef = 7AABFFA91CA0E73A005CB2BA /* UIViewController+RESideMenu.m */; };
		7AABFFAE1CA0EDAC005CB2BA /* LeftStoryboard.storyboard in Resources */ = {isa = PBXBuildFile; fileRef = 7AABFFAD1CA0EDAC005CB2BA /* LeftStoryboard.storyboard */; };
		7AACECDB1C9C208000A34CC1 /* WeatherViewController.m in Sources */ = {isa = PBXBuildFile; fileRef = 7AACECDA1C9C208000A34CC1 /* WeatherViewController.m */; };
		7AACECDD1C9C34D200A34CC1 /* WeatherStoryboard.storyboard in Resources */ = {isa = PBXBuildFile; fileRef = 7AACECDC1C9C34D200A34CC1 /* WeatherStoryboard.storyboard */; };
		7ABEE5BB1C990F2A0093912D /* AMapLocationKit.framework in Frameworks */ = {isa = PBXBuildFile; fileRef = 7ABEE5BA1C990F2A0093912D /* AMapLocationKit.framework */; };
		7ABEE5BD1C990F860093912D /* CoreTelephony.framework in Frameworks */ = {isa = PBXBuildFile; fileRef = 7ABEE5BC1C990F860093912D /* CoreTelephony.framework */; };
		7ABEE5BF1C990F940093912D /* SystemConfiguration.framework in Frameworks */ = {isa = PBXBuildFile; fileRef = 7ABEE5BE1C990F940093912D /* SystemConfiguration.framework */; };
		7ABEE5C11C990F9F0093912D /* CoreLocation.framework in Frameworks */ = {isa = PBXBuildFile; fileRef = 7ABEE5C01C990F9F0093912D /* CoreLocation.framework */; };
		7ABEE5C31C990FB20093912D /* libz.tbd in Frameworks */ = {isa = PBXBuildFile; fileRef = 7ABEE5C21C990FB20093912D /* libz.tbd */; };
		7AD16D401C9BFE9100DC275C /* ForgetThePasswordViewController.m in Sources */ = {isa = PBXBuildFile; fileRef = 7AD16D3F1C9BFE9100DC275C /* ForgetThePasswordViewController.m */; };
		7AD2D52C1C9E6B2200298043 /* QRCodeViewController.m in Sources */ = {isa = PBXBuildFile; fileRef = 7AD2D52B1C9E6B2200298043 /* QRCodeViewController.m */; };
		7AD2D52E1C9E6C9C00298043 /* AVFoundation.framework in Frameworks */ = {isa = PBXBuildFile; fileRef = 7AD2D52D1C9E6C9C00298043 /* AVFoundation.framework */; };
		7AD2D5371C9E883100298043 /* libstdc++.6.0.9.tbd in Frameworks */ = {isa = PBXBuildFile; fileRef = 7AD2D5361C9E883100298043 /* libstdc++.6.0.9.tbd */; };
		7AD2D53C1C9E8A3D00298043 /* RoadViewController.m in Sources */ = {isa = PBXBuildFile; fileRef = 7AD2D53B1C9E8A3D00298043 /* RoadViewController.m */; };
		7AD3DB5D1C9A449A001065DF /* TitleViewController.m in Sources */ = {isa = PBXBuildFile; fileRef = 7AD3DB5C1C9A449A001065DF /* TitleViewController.m */; };
		7AD3DB601C9A557D001065DF /* LoginViewController.m in Sources */ = {isa = PBXBuildFile; fileRef = 7AD3DB5F1C9A557D001065DF /* LoginViewController.m */; };
		7AD3DB671C9A8A73001065DF /* LoginStoryboard.storyboard in Resources */ = {isa = PBXBuildFile; fileRef = 7AD3DB661C9A8A73001065DF /* LoginStoryboard.storyboard */; };
		7AD3DB6A1C9AC99A001065DF /* RegisterViewController.m in Sources */ = {isa = PBXBuildFile; fileRef = 7AD3DB691C9AC99A001065DF /* RegisterViewController.m */; };
		7AE42B5E1CA0CC9300C83BF7 /* CollectTableViewCell.m in Sources */ = {isa = PBXBuildFile; fileRef = 7AE42B5D1CA0CC9300C83BF7 /* CollectTableViewCell.m */; };
		7AE42B7C1CA0EC7400C83BF7 /* CollectResultViewController.m in Sources */ = {isa = PBXBuildFile; fileRef = 7AE42B7B1CA0EC7400C83BF7 /* CollectResultViewController.m */; };
		7AEE49FF1C97E60B0081FBC6 /* leftView.m in Sources */ = {isa = PBXBuildFile; fileRef = 7AEE49FE1C97E60B0081FBC6 /* leftView.m */; };
		7AEE4A051C97E6DE0081FBC6 /* letfView.xib in Resources */ = {isa = PBXBuildFile; fileRef = 7AEE4A041C97E6DE0081FBC6 /* letfView.xib */; };
		7AEE4A091C97F55D0081FBC6 /* LuoyangNews.plist in Resources */ = {isa = PBXBuildFile; fileRef = 7AEE4A081C97F55D0081FBC6 /* LuoyangNews.plist */; };
		7AEE4A0C1C97F6260081FBC6 /* LuoyangNews.m in Sources */ = {isa = PBXBuildFile; fileRef = 7AEE4A0B1C97F6260081FBC6 /* LuoyangNews.m */; };
		7AEE4A101C97F9410081FBC6 /* LuoyangNewsTableViewCell.m in Sources */ = {isa = PBXBuildFile; fileRef = 7AEE4A0E1C97F9410081FBC6 /* LuoyangNewsTableViewCell.m */; };
		7AEE4A111C97F9410081FBC6 /* LuoyangNewsTableViewCell.xib in Resources */ = {isa = PBXBuildFile; fileRef = 7AEE4A0F1C97F9410081FBC6 /* LuoyangNewsTableViewCell.xib */; };
		7AEE4A131C98002D0081FBC6 /* HotTalk.plist in Resources */ = {isa = PBXBuildFile; fileRef = 7AEE4A121C98002D0081FBC6 /* HotTalk.plist */; };
		7AEE4A161C980ED40081FBC6 /* NewsDetailViewController.m in Sources */ = {isa = PBXBuildFile; fileRef = 7AEE4A151C980ED40081FBC6 /* NewsDetailViewController.m */; };
		7AEE4A1A1C9844AE0081FBC6 /* headView.plist in Resources */ = {isa = PBXBuildFile; fileRef = 7AEE4A191C9844AE0081FBC6 /* headView.plist */; };
		7AEE4A1D1C9845090081FBC6 /* headPhotoModel.m in Sources */ = {isa = PBXBuildFile; fileRef = 7AEE4A1C1C9845090081FBC6 /* headPhotoModel.m */; };
		7AF172251C98F9BA00AC94D1 /* NewsScondCollectionViewCell.m in Sources */ = {isa = PBXBuildFile; fileRef = 7AF172241C98F9BA00AC94D1 /* NewsScondCollectionViewCell.m */; };
		9E8886EC3A4E95DD8B0F807E /* libPods.a in Frameworks */ = {isa = PBXBuildFile; fileRef = CA4AB23D78D5404ABECD5147 /* libPods.a */; };
/* End PBXBuildFile section */

/* Begin PBXFileReference section */
		343C6496E289605AF2800A0C /* Pods.release.xcconfig */ = {isa = PBXFileReference; includeInIndex = 1; lastKnownFileType = text.xcconfig; name = Pods.release.xcconfig; path = "Pods/Target Support Files/Pods/Pods.release.xcconfig"; sourceTree = "<group>"; };
		7A04D8B41CA28770008A58EA /* AlipaySDK.bundle */ = {isa = PBXFileReference; lastKnownFileType = "wrapper.plug-in"; name = AlipaySDK.bundle; path = ../../../Downloads/BmobPay_V1.0.5/AlipaySDK.bundle; sourceTree = "<group>"; };
		7A04D8B51CA28770008A58EA /* AlipaySDK.framework */ = {isa = PBXFileReference; lastKnownFileType = wrapper.framework; name = AlipaySDK.framework; path = ../../../Downloads/BmobPay_V1.0.5/AlipaySDK.framework; sourceTree = "<group>"; };
		7A04D8B61CA28770008A58EA /* BmobPay.framework */ = {isa = PBXFileReference; lastKnownFileType = wrapper.framework; name = BmobPay.framework; path = ../../../Downloads/BmobPay_V1.0.5/BmobPay.framework; sourceTree = "<group>"; };
		7A04D8BA1CA2882D008A58EA /* CoreMotion.framework */ = {isa = PBXFileReference; lastKnownFileType = wrapper.framework; name = CoreMotion.framework; path = System/Library/Frameworks/CoreMotion.framework; sourceTree = SDKROOT; };
		7A04D8BD1CA28B9E008A58EA /* AlipaySDK.bundle */ = {isa = PBXFileReference; lastKnownFileType = "wrapper.plug-in"; path = AlipaySDK.bundle; sourceTree = "<group>"; };
		7A04D8BE1CA28B9E008A58EA /* AlipaySDK.framework */ = {isa = PBXFileReference; lastKnownFileType = wrapper.framework; path = AlipaySDK.framework; sourceTree = "<group>"; };
		7A04D8BF1CA28B9E008A58EA /* BmobPay.framework */ = {isa = PBXFileReference; lastKnownFileType = wrapper.framework; path = BmobPay.framework; sourceTree = "<group>"; };
		7A04D8C01CA28B9E008A58EA /* 更新日志.rtf */ = {isa = PBXFileReference; fileEncoding = 4; lastKnownFileType = text.rtf; path = "更新日志.rtf"; sourceTree = "<group>"; };
		7A04D8C51CA29C1C008A58EA /* Money.jpg */ = {isa = PBXFileReference; lastKnownFileType = image.jpeg; path = Money.jpg; sourceTree = "<group>"; };
		7A04D8C71CA29D7A008A58EA /* MoveViewController.h */ = {isa = PBXFileReference; fileEncoding = 4; lastKnownFileType = sourcecode.c.h; path = MoveViewController.h; sourceTree = "<group>"; };
		7A04D8C81CA29D7A008A58EA /* MoveViewController.m */ = {isa = PBXFileReference; fileEncoding = 4; lastKnownFileType = sourcecode.c.objc; path = MoveViewController.m; sourceTree = "<group>"; };
		7A04D8CA1CA2A00F008A58EA /* AiLuoyang.h */ = {isa = PBXFileReference; fileEncoding = 4; lastKnownFileType = sourcecode.c.h; path = AiLuoyang.h; sourceTree = "<group>"; };
		7A04D8CB1CA2A00F008A58EA /* AiLuoyang.m */ = {isa = PBXFileReference; fileEncoding = 4; lastKnownFileType = sourcecode.c.objc; path = AiLuoyang.m; sourceTree = "<group>"; };
		7A04D8CD1CA2A37A008A58EA /* ailuoyang.plist */ = {isa = PBXFileReference; fileEncoding = 4; lastKnownFileType = text.plist.xml; path = ailuoyang.plist; sourceTree = "<group>"; };
		7A07F7A21C9AC750008532DE /* NearViewController.h */ = {isa = PBXFileReference; fileEncoding = 4; lastKnownFileType = sourcecode.c.h; path = NearViewController.h; sourceTree = "<group>"; };
		7A07F7A31C9AC750008532DE /* NearViewController.m */ = {isa = PBXFileReference; fileEncoding = 4; lastKnownFileType = sourcecode.c.objc; path = NearViewController.m; sourceTree = "<group>"; };
		7A0E430D1C99985B0078D4A3 /* serviceModel.m */ = {isa = PBXFileReference; fileEncoding = 4; lastKnownFileType = sourcecode.c.objc; path = serviceModel.m; sourceTree = "<group>"; };
		7A0E430E1C99985B0078D4A3 /* serviceModel.h */ = {isa = PBXFileReference; fileEncoding = 4; lastKnownFileType = sourcecode.c.h; path = serviceModel.h; sourceTree = "<group>"; };
		7A0E43101C99986C0078D4A3 /* ServiceCollectionViewCell.m */ = {isa = PBXFileReference; fileEncoding = 4; lastKnownFileType = sourcecode.c.objc; path = ServiceCollectionViewCell.m; sourceTree = "<group>"; };
		7A0E43111C99986C0078D4A3 /* ServiceCollectionViewCell.xib */ = {isa = PBXFileReference; fileEncoding = 4; lastKnownFileType = file.xib; path = ServiceCollectionViewCell.xib; sourceTree = "<group>"; };
		7A0E43121C99986C0078D4A3 /* ServiceCollectionViewCell.h */ = {isa = PBXFileReference; fileEncoding = 4; lastKnownFileType = sourcecode.c.h; path = ServiceCollectionViewCell.h; sourceTree = "<group>"; };
		7A182BF71CA426B100E99485 /* moveStoryboard.storyboard */ = {isa = PBXFileReference; fileEncoding = 4; lastKnownFileType = file.storyboard; path = moveStoryboard.storyboard; sourceTree = "<group>"; };
		7A1A65E81C9E49F400A48CD9 /* QuartzCore.framework */ = {isa = PBXFileReference; lastKnownFileType = wrapper.framework; name = QuartzCore.framework; path = System/Library/Frameworks/QuartzCore.framework; sourceTree = SDKROOT; };
		7A1A65EA1C9E4A0000A48CD9 /* ImageIO.framework */ = {isa = PBXFileReference; lastKnownFileType = wrapper.framework; name = ImageIO.framework; path = System/Library/Frameworks/ImageIO.framework; sourceTree = SDKROOT; };
		7A1A65EC1C9E4A1F00A48CD9 /* Security.framework */ = {isa = PBXFileReference; lastKnownFileType = wrapper.framework; name = Security.framework; path = System/Library/Frameworks/Security.framework; sourceTree = SDKROOT; };
		7A1A65EE1C9E4A3E00A48CD9 /* CoreText.framework */ = {isa = PBXFileReference; lastKnownFileType = wrapper.framework; name = CoreText.framework; path = System/Library/Frameworks/CoreText.framework; sourceTree = SDKROOT; };
		7A1A65F01C9E4A4800A48CD9 /* UIKit.framework */ = {isa = PBXFileReference; lastKnownFileType = wrapper.framework; name = UIKit.framework; path = System/Library/Frameworks/UIKit.framework; sourceTree = SDKROOT; };
		7A1A65F21C9E4A5B00A48CD9 /* Foundation.framework */ = {isa = PBXFileReference; lastKnownFileType = wrapper.framework; name = Foundation.framework; path = System/Library/Frameworks/Foundation.framework; sourceTree = SDKROOT; };
		7A1A65F41C9E4A6500A48CD9 /* CoreGraphics.framework */ = {isa = PBXFileReference; lastKnownFileType = wrapper.framework; name = CoreGraphics.framework; path = System/Library/Frameworks/CoreGraphics.framework; sourceTree = SDKROOT; };
		7A1A65F61C9E4A8A00A48CD9 /* libsqlite3.tbd */ = {isa = PBXFileReference; lastKnownFileType = "sourcecode.text-based-dylib-definition"; name = libsqlite3.tbd; path = usr/lib/libsqlite3.tbd; sourceTree = SDKROOT; };
		7A1A65FA1C9E4E0400A48CD9 /* libWeiboSDK.a */ = {isa = PBXFileReference; lastKnownFileType = archive.ar; path = libWeiboSDK.a; sourceTree = "<group>"; };
		7A1A65FB1C9E4E0400A48CD9 /* WBHttpRequest+WeiboGame.h */ = {isa = PBXFileReference; fileEncoding = 4; lastKnownFileType = sourcecode.c.h; path = "WBHttpRequest+WeiboGame.h"; sourceTree = "<group>"; };
		7A1A65FC1C9E4E0400A48CD9 /* WBHttpRequest+WeiboShare.h */ = {isa = PBXFileReference; fileEncoding = 4; lastKnownFileType = sourcecode.c.h; path = "WBHttpRequest+WeiboShare.h"; sourceTree = "<group>"; };
		7A1A65FD1C9E4E0400A48CD9 /* WBHttpRequest+WeiboToken.h */ = {isa = PBXFileReference; fileEncoding = 4; lastKnownFileType = sourcecode.c.h; path = "WBHttpRequest+WeiboToken.h"; sourceTree = "<group>"; };
		7A1A65FE1C9E4E0400A48CD9 /* WBHttpRequest+WeiboUser.h */ = {isa = PBXFileReference; fileEncoding = 4; lastKnownFileType = sourcecode.c.h; path = "WBHttpRequest+WeiboUser.h"; sourceTree = "<group>"; };
		7A1A65FF1C9E4E0400A48CD9 /* WBHttpRequest.h */ = {isa = PBXFileReference; fileEncoding = 4; lastKnownFileType = sourcecode.c.h; path = WBHttpRequest.h; sourceTree = "<group>"; };
		7A1A66001C9E4E0400A48CD9 /* WBSDKBasicButton.h */ = {isa = PBXFileReference; fileEncoding = 4; lastKnownFileType = sourcecode.c.h; path = WBSDKBasicButton.h; sourceTree = "<group>"; };
		7A1A66011C9E4E0400A48CD9 /* WBSDKCommentButton.h */ = {isa = PBXFileReference; fileEncoding = 4; lastKnownFileType = sourcecode.c.h; path = WBSDKCommentButton.h; sourceTree = "<group>"; };
		7A1A66021C9E4E0400A48CD9 /* WBSDKRelationshipButton.h */ = {isa = PBXFileReference; fileEncoding = 4; lastKnownFileType = sourcecode.c.h; path = WBSDKRelationshipButton.h; sourceTree = "<group>"; };
		7A1A66031C9E4E0400A48CD9 /* WeiboSDK.bundle */ = {isa = PBXFileReference; lastKnownFileType = "wrapper.plug-in"; path = WeiboSDK.bundle; sourceTree = "<group>"; };
		7A1A66041C9E4E0400A48CD9 /* WeiboSDK.h */ = {isa = PBXFileReference; fileEncoding = 4; lastKnownFileType = sourcecode.c.h; path = WeiboSDK.h; sourceTree = "<group>"; };
		7A1A66051C9E4E0400A48CD9 /* WeiboUser.h */ = {isa = PBXFileReference; fileEncoding = 4; lastKnownFileType = sourcecode.c.h; path = WeiboUser.h; sourceTree = "<group>"; };
		7A1A66081C9E523200A48CD9 /* ShareView.h */ = {isa = PBXFileReference; fileEncoding = 4; lastKnownFileType = sourcecode.c.h; path = ShareView.h; sourceTree = "<group>"; };
		7A1A66091C9E523200A48CD9 /* ShareView.m */ = {isa = PBXFileReference; fileEncoding = 4; lastKnownFileType = sourcecode.c.objc; path = ShareView.m; sourceTree = "<group>"; };
		7A1A660B1C9E557100A48CD9 /* UIView+Extension.h */ = {isa = PBXFileReference; fileEncoding = 4; lastKnownFileType = sourcecode.c.h; path = "UIView+Extension.h"; sourceTree = "<group>"; };
		7A1A660C1C9E557100A48CD9 /* UIView+Extension.m */ = {isa = PBXFileReference; fileEncoding = 4; lastKnownFileType = sourcecode.c.objc; path = "UIView+Extension.m"; sourceTree = "<group>"; };
		7A1A660F1C9E84A800A48CD9 /* libWeChatSDK.a */ = {isa = PBXFileReference; lastKnownFileType = archive.ar; path = libWeChatSDK.a; sourceTree = "<group>"; };
		7A1A66101C9E84A800A48CD9 /* read_me.txt */ = {isa = PBXFileReference; fileEncoding = 4; lastKnownFileType = text; path = read_me.txt; sourceTree = "<group>"; };
		7A1A66111C9E84A800A48CD9 /* WechatAuthSDK.h */ = {isa = PBXFileReference; fileEncoding = 4; lastKnownFileType = sourcecode.c.h; path = WechatAuthSDK.h; sourceTree = "<group>"; };
		7A1A66121C9E84A800A48CD9 /* WXApi.h */ = {isa = PBXFileReference; fileEncoding = 4; lastKnownFileType = sourcecode.c.h; path = WXApi.h; sourceTree = "<group>"; };
		7A1A66131C9E84A800A48CD9 /* WXApiObject.h */ = {isa = PBXFileReference; fileEncoding = 4; lastKnownFileType = sourcecode.c.h; path = WXApiObject.h; sourceTree = "<group>"; };
		7A1A66161C9E859200A48CD9 /* libsqlite3.0.tbd */ = {isa = PBXFileReference; lastKnownFileType = "sourcecode.text-based-dylib-definition"; name = libsqlite3.0.tbd; path = usr/lib/libsqlite3.0.tbd; sourceTree = SDKROOT; };
		7A1A66181C9E85AA00A48CD9 /* libc++.tbd */ = {isa = PBXFileReference; lastKnownFileType = "sourcecode.text-based-dylib-definition"; name = "libc++.tbd"; path = "usr/lib/libc++.tbd"; sourceTree = SDKROOT; };
		7A2DDEAB1CA230120082F3CB /* jpush-ios-2.1.0.a */ = {isa = PBXFileReference; lastKnownFileType = archive.ar; path = "jpush-ios-2.1.0.a"; sourceTree = "<group>"; };
		7A2DDEAC1CA230120082F3CB /* JPUSHService.h */ = {isa = PBXFileReference; fileEncoding = 4; lastKnownFileType = sourcecode.c.h; path = JPUSHService.h; sourceTree = "<group>"; };
		7A2DDEAE1CA230750082F3CB /* CFNetwork.framework */ = {isa = PBXFileReference; lastKnownFileType = wrapper.framework; name = CFNetwork.framework; path = System/Library/Frameworks/CFNetwork.framework; sourceTree = SDKROOT; };
		7A2DDEB01CA230BD0082F3CB /* CoreFoundation.framework */ = {isa = PBXFileReference; lastKnownFileType = wrapper.framework; name = CoreFoundation.framework; path = System/Library/Frameworks/CoreFoundation.framework; sourceTree = SDKROOT; };
		7A2DDEB21CA232920082F3CB /* PushConfig.plist */ = {isa = PBXFileReference; fileEncoding = 4; lastKnownFileType = text.plist.xml; path = PushConfig.plist; sourceTree = "<group>"; };
		7A2DDEB41CA246B10082F3CB /* aboutViewController.h */ = {isa = PBXFileReference; fileEncoding = 4; lastKnownFileType = sourcecode.c.h; path = aboutViewController.h; sourceTree = "<group>"; };
		7A2DDEB51CA246B10082F3CB /* aboutViewController.m */ = {isa = PBXFileReference; fileEncoding = 4; lastKnownFileType = sourcecode.c.objc; path = aboutViewController.m; sourceTree = "<group>"; };
		7A4055A71C9817490040895C /* ServicedidViewController.h */ = {isa = PBXFileReference; fileEncoding = 4; lastKnownFileType = sourcecode.c.h; path = ServicedidViewController.h; sourceTree = "<group>"; };
		7A4055A81C9817490040895C /* ServicedidViewController.m */ = {isa = PBXFileReference; fileEncoding = 4; lastKnownFileType = sourcecode.c.objc; path = ServicedidViewController.m; sourceTree = "<group>"; };
		7A43EC581C9EAB5B00F880EF /* SYTCodeScanerViewController.h */ = {isa = PBXFileReference; fileEncoding = 4; lastKnownFileType = sourcecode.c.h; path = SYTCodeScanerViewController.h; sourceTree = "<group>"; };
		7A43EC591C9EAB5B00F880EF /* SYTCodeScanerViewController.m */ = {isa = PBXFileReference; fileEncoding = 4; lastKnownFileType = sourcecode.c.objc; path = SYTCodeScanerViewController.m; sourceTree = "<group>"; };
		7A4649261CA12F6F00E4DBD4 /* SettingViewController.h */ = {isa = PBXFileReference; fileEncoding = 4; lastKnownFileType = sourcecode.c.h; path = SettingViewController.h; sourceTree = "<group>"; };
		7A4649271CA12F6F00E4DBD4 /* SettingViewController.m */ = {isa = PBXFileReference; fileEncoding = 4; lastKnownFileType = sourcecode.c.objc; path = SettingViewController.m; sourceTree = "<group>"; };
		7A46492A1CA14FD000E4DBD4 /* QRCameraSwitchButton.h */ = {isa = PBXFileReference; fileEncoding = 4; lastKnownFileType = sourcecode.c.h; path = QRCameraSwitchButton.h; sourceTree = "<group>"; };
		7A46492B1CA14FD000E4DBD4 /* QRCameraSwitchButton.m */ = {isa = PBXFileReference; fileEncoding = 4; lastKnownFileType = sourcecode.c.objc; path = QRCameraSwitchButton.m; sourceTree = "<group>"; };
		7A46492C1CA14FD000E4DBD4 /* QRCodeReaderDelegate.h */ = {isa = PBXFileReference; fileEncoding = 4; lastKnownFileType = sourcecode.c.h; path = QRCodeReaderDelegate.h; sourceTree = "<group>"; };
		7A46492D1CA14FD000E4DBD4 /* QRCodeReaderView.h */ = {isa = PBXFileReference; fileEncoding = 4; lastKnownFileType = sourcecode.c.h; path = QRCodeReaderView.h; sourceTree = "<group>"; };
		7A46492E1CA14FD000E4DBD4 /* QRCodeReaderView.m */ = {isa = PBXFileReference; fileEncoding = 4; lastKnownFileType = sourcecode.c.objc; path = QRCodeReaderView.m; sourceTree = "<group>"; };
		7A46492F1CA14FD000E4DBD4 /* QRCodeReaderViewController.h */ = {isa = PBXFileReference; fileEncoding = 4; lastKnownFileType = sourcecode.c.h; path = QRCodeReaderViewController.h; sourceTree = "<group>"; };
		7A4649301CA14FD000E4DBD4 /* QRCodeReaderViewController.m */ = {isa = PBXFileReference; fileEncoding = 4; lastKnownFileType = sourcecode.c.objc; path = QRCodeReaderViewController.m; sourceTree = "<group>"; };
		7A4649341CA1737A00E4DBD4 /* defaultImage.jpg */ = {isa = PBXFileReference; lastKnownFileType = image.jpeg; path = defaultImage.jpg; sourceTree = "<group>"; };
		7A5CFAC71C97C81C0002AF99 /* ViewLuoYang.app */ = {isa = PBXFileReference; explicitFileType = wrapper.application; includeInIndex = 0; path = ViewLuoYang.app; sourceTree = BUILT_PRODUCTS_DIR; };
		7A5CFACB1C97C81C0002AF99 /* main.m */ = {isa = PBXFileReference; lastKnownFileType = sourcecode.c.objc; path = main.m; sourceTree = "<group>"; };
		7A5CFACD1C97C81C0002AF99 /* AppDelegate.h */ = {isa = PBXFileReference; lastKnownFileType = sourcecode.c.h; path = AppDelegate.h; sourceTree = "<group>"; };
		7A5CFACE1C97C81C0002AF99 /* AppDelegate.m */ = {isa = PBXFileReference; lastKnownFileType = sourcecode.c.objc; path = AppDelegate.m; sourceTree = "<group>"; };
		7A5CFAD01C97C81C0002AF99 /* Assets.xcassets */ = {isa = PBXFileReference; lastKnownFileType = folder.assetcatalog; path = Assets.xcassets; sourceTree = "<group>"; };
		7A5CFAD31C97C81C0002AF99 /* Base */ = {isa = PBXFileReference; lastKnownFileType = file.storyboard; name = Base; path = Base.lproj/LaunchScreen.storyboard; sourceTree = "<group>"; };
		7A5CFAD51C97C81C0002AF99 /* Info.plist */ = {isa = PBXFileReference; lastKnownFileType = text.plist.xml; path = Info.plist; sourceTree = "<group>"; };
		7A5CFAE21C97C8C10002AF99 /* MessageViewController.h */ = {isa = PBXFileReference; fileEncoding = 4; lastKnownFileType = sourcecode.c.h; path = MessageViewController.h; sourceTree = "<group>"; };
		7A5CFAE31C97C8C10002AF99 /* MessageViewController.m */ = {isa = PBXFileReference; fileEncoding = 4; lastKnownFileType = sourcecode.c.objc; path = MessageViewController.m; sourceTree = "<group>"; };
		7A5CFAE81C97C8C10002AF99 /* NewsViewController.h */ = {isa = PBXFileReference; fileEncoding = 4; lastKnownFileType = sourcecode.c.h; path = NewsViewController.h; sourceTree = "<group>"; };
		7A5CFAE91C97C8C10002AF99 /* NewsViewController.m */ = {isa = PBXFileReference; fileEncoding = 4; lastKnownFileType = sourcecode.c.objc; path = NewsViewController.m; sourceTree = "<group>"; };
		7A5CFAED1C97C8C10002AF99 /* Header.h */ = {isa = PBXFileReference; fileEncoding = 4; lastKnownFileType = sourcecode.c.h; path = Header.h; sourceTree = "<group>"; };
		7A5CFAEE1C97C8C10002AF99 /* HWTools.h */ = {isa = PBXFileReference; fileEncoding = 4; lastKnownFileType = sourcecode.c.h; path = HWTools.h; sourceTree = "<group>"; };
		7A5CFAEF1C97C8C10002AF99 /* HWTools.m */ = {isa = PBXFileReference; fileEncoding = 4; lastKnownFileType = sourcecode.c.objc; path = HWTools.m; sourceTree = "<group>"; };
		7A5CFAF01C97C8C10002AF99 /* MySelf.pch */ = {isa = PBXFileReference; fileEncoding = 4; lastKnownFileType = sourcecode.c.h; path = MySelf.pch; sourceTree = "<group>"; };
		7A5CFAF21C97C8C10002AF99 /* ProgressHUD.bundle */ = {isa = PBXFileReference; lastKnownFileType = "wrapper.plug-in"; path = ProgressHUD.bundle; sourceTree = "<group>"; };
		7A5CFAF31C97C8C10002AF99 /* ProgressHUD.h */ = {isa = PBXFileReference; fileEncoding = 4; lastKnownFileType = sourcecode.c.h; path = ProgressHUD.h; sourceTree = "<group>"; };
		7A5CFAF41C97C8C10002AF99 /* ProgressHUD.m */ = {isa = PBXFileReference; fileEncoding = 4; lastKnownFileType = sourcecode.c.objc; path = ProgressHUD.m; sourceTree = "<group>"; };
		7A5CFAF51C97C8C10002AF99 /* UIViewController+Common.h */ = {isa = PBXFileReference; fileEncoding = 4; lastKnownFileType = sourcecode.c.h; path = "UIViewController+Common.h"; sourceTree = "<group>"; };
		7A5CFAF61C97C8C10002AF99 /* UIViewController+Common.m */ = {isa = PBXFileReference; fileEncoding = 4; lastKnownFileType = sourcecode.c.objc; path = "UIViewController+Common.m"; sourceTree = "<group>"; };
		7A5CFAF91C97C8C10002AF99 /* ServiceViewController.h */ = {isa = PBXFileReference; fileEncoding = 4; lastKnownFileType = sourcecode.c.h; path = ServiceViewController.h; sourceTree = "<group>"; };
		7A5CFAFA1C97C8C10002AF99 /* ServiceViewController.m */ = {isa = PBXFileReference; fileEncoding = 4; lastKnownFileType = sourcecode.c.objc; path = ServiceViewController.m; sourceTree = "<group>"; };
		7A5CFAFF1C97C8C10002AF99 /* ShowViewController.h */ = {isa = PBXFileReference; fileEncoding = 4; lastKnownFileType = sourcecode.c.h; path = ShowViewController.h; sourceTree = "<group>"; };
		7A5CFB001C97C8C10002AF99 /* ShowViewController.m */ = {isa = PBXFileReference; fileEncoding = 4; lastKnownFileType = sourcecode.c.objc; path = ShowViewController.m; sourceTree = "<group>"; };
		7A5CFB0B1C97D8280002AF99 /* NewsModel.h */ = {isa = PBXFileReference; fileEncoding = 4; lastKnownFileType = sourcecode.c.h; path = NewsModel.h; sourceTree = "<group>"; };
		7A5CFB0C1C97D8280002AF99 /* NewsModel.m */ = {isa = PBXFileReference; fileEncoding = 4; lastKnownFileType = sourcecode.c.objc; path = NewsModel.m; sourceTree = "<group>"; };
		7A5CFB0E1C97DCA10002AF99 /* News.plist */ = {isa = PBXFileReference; fileEncoding = 4; lastKnownFileType = text.plist.xml; path = News.plist; sourceTree = "<group>"; };
		7A5CFB101C980B4C0002AF99 /* NewsCollectionViewCell.h */ = {isa = PBXFileReference; fileEncoding = 4; lastKnownFileType = sourcecode.c.h; path = NewsCollectionViewCell.h; sourceTree = "<group>"; };
		7A5CFB111C980B4C0002AF99 /* NewsCollectionViewCell.m */ = {isa = PBXFileReference; fileEncoding = 4; lastKnownFileType = sourcecode.c.objc; path = NewsCollectionViewCell.m; sourceTree = "<group>"; };
		7A5CFB161C9824190002AF99 /* NewsTwoViewController.h */ = {isa = PBXFileReference; fileEncoding = 4; lastKnownFileType = sourcecode.c.h; path = NewsTwoViewController.h; sourceTree = "<group>"; };
		7A5CFB171C9824190002AF99 /* NewsTwoViewController.m */ = {isa = PBXFileReference; fileEncoding = 4; lastKnownFileType = sourcecode.c.objc; path = NewsTwoViewController.m; sourceTree = "<group>"; };
		7A5CFB191C9845060002AF99 /* TouchItems.plist */ = {isa = PBXFileReference; fileEncoding = 4; lastKnownFileType = text.plist.xml; path = TouchItems.plist; sourceTree = "<group>"; };
		7A6253FF1CA0344A002CA7E1 /* image1.jpg */ = {isa = PBXFileReference; lastKnownFileType = image.jpeg; path = image1.jpg; sourceTree = "<group>"; };
		7A6254011CA034C1002CA7E1 /* image2.jpg */ = {isa = PBXFileReference; lastKnownFileType = image.jpeg; path = image2.jpg; sourceTree = "<group>"; };
		7A7073C01C9CF3CE00D13F7B /* DiscussViewController.h */ = {isa = PBXFileReference; fileEncoding = 4; lastKnownFileType = sourcecode.c.h; path = DiscussViewController.h; sourceTree = "<group>"; };
		7A7073C11C9CF3CE00D13F7B /* DiscussViewController.m */ = {isa = PBXFileReference; fileEncoding = 4; lastKnownFileType = sourcecode.c.objc; path = DiscussViewController.m; sourceTree = "<group>"; };
		7A7EDBA71C993AAC00DC6EDF /* LocationViewController.h */ = {isa = PBXFileReference; fileEncoding = 4; lastKnownFileType = sourcecode.c.h; path = LocationViewController.h; sourceTree = "<group>"; };
		7A7EDBA81C993AAC00DC6EDF /* LocationViewController.m */ = {isa = PBXFileReference; fileEncoding = 4; lastKnownFileType = sourcecode.c.objc; path = LocationViewController.m; sourceTree = "<group>"; };
		7A8131AA1C9BFF4100114348 /* UIView+YSTextInputKeyboard.h */ = {isa = PBXFileReference; fileEncoding = 4; lastKnownFileType = sourcecode.c.h; path = "UIView+YSTextInputKeyboard.h"; sourceTree = "<group>"; };
		7A8131AB1C9BFF4100114348 /* UIView+YSTextInputKeyboard.m */ = {isa = PBXFileReference; fileEncoding = 4; lastKnownFileType = sourcecode.c.objc; path = "UIView+YSTextInputKeyboard.m"; sourceTree = "<group>"; };
		7A93966B1C9D5BAE0008DC18 /* CollectViewController.h */ = {isa = PBXFileReference; fileEncoding = 4; lastKnownFileType = sourcecode.c.h; path = CollectViewController.h; sourceTree = "<group>"; };
		7A93966C1C9D5BAE0008DC18 /* CollectViewController.m */ = {isa = PBXFileReference; fileEncoding = 4; lastKnownFileType = sourcecode.c.objc; path = CollectViewController.m; sourceTree = "<group>"; };
		7A98C2E31CA02A2E00EC4C74 /* Collect.h */ = {isa = PBXFileReference; fileEncoding = 4; lastKnownFileType = sourcecode.c.h; path = Collect.h; sourceTree = "<group>"; };
		7A98C2E41CA02A2E00EC4C74 /* Collect.m */ = {isa = PBXFileReference; fileEncoding = 4; lastKnownFileType = sourcecode.c.objc; path = Collect.m; sourceTree = "<group>"; };
		7A98C2E61CA02C4400EC4C74 /* DataBaseManger.h */ = {isa = PBXFileReference; fileEncoding = 4; lastKnownFileType = sourcecode.c.h; path = DataBaseManger.h; sourceTree = "<group>"; };
		7A98C2E71CA02C4400EC4C74 /* DataBaseManger.m */ = {isa = PBXFileReference; fileEncoding = 4; lastKnownFileType = sourcecode.c.objc; path = DataBaseManger.m; sourceTree = "<group>"; };
		7A9F19251C9E4C3B0009758B /* CustomAnnotationView.h */ = {isa = PBXFileReference; fileEncoding = 4; lastKnownFileType = sourcecode.c.h; path = CustomAnnotationView.h; sourceTree = "<group>"; };
		7A9F19261C9E4C3B0009758B /* CustomAnnotationView.m */ = {isa = PBXFileReference; fileEncoding = 4; lastKnownFileType = sourcecode.c.objc; path = CustomAnnotationView.m; sourceTree = "<group>"; };
		7A9F19281C9E4C6F0009758B /* CustomCalloutView.h */ = {isa = PBXFileReference; fileEncoding = 4; lastKnownFileType = sourcecode.c.h; path = CustomCalloutView.h; sourceTree = "<group>"; };
		7A9F19291C9E4C6F0009758B /* CustomCalloutView.m */ = {isa = PBXFileReference; fileEncoding = 4; lastKnownFileType = sourcecode.c.objc; path = CustomCalloutView.m; sourceTree = "<group>"; };
		7AA00C371C97E1AC00FD6D15 /* LICENCE.txt */ = {isa = PBXFileReference; fileEncoding = 4; lastKnownFileType = text; path = LICENCE.txt; sourceTree = "<group>"; };
		7AA00C381C97E1AC00FD6D15 /* Reachability.h */ = {isa = PBXFileReference; fileEncoding = 4; lastKnownFileType = sourcecode.c.h; path = Reachability.h; sourceTree = "<group>"; };
		7AA00C391C97E1AC00FD6D15 /* Reachability.m */ = {isa = PBXFileReference; fileEncoding = 4; lastKnownFileType = sourcecode.c.objc; path = Reachability.m; sourceTree = "<group>"; };
		7AA00C3A1C97E1AC00FD6D15 /* README.md */ = {isa = PBXFileReference; fileEncoding = 4; lastKnownFileType = net.daringfireball.markdown; path = README.md; sourceTree = "<group>"; };
		7AA00C3B1C97E1AC00FD6D15 /* ZMYNetManager.h */ = {isa = PBXFileReference; fileEncoding = 4; lastKnownFileType = sourcecode.c.h; path = ZMYNetManager.h; sourceTree = "<group>"; };
		7AA00C3C1C97E1AC00FD6D15 /* ZMYNetManager.m */ = {isa = PBXFileReference; fileEncoding = 4; lastKnownFileType = sourcecode.c.objc; path = ZMYNetManager.m; sourceTree = "<group>"; };
		7AA00C411C97E87600FD6D15 /* service.plist */ = {isa = PBXFileReference; fileEncoding = 4; lastKnownFileType = text.plist.xml; path = service.plist; sourceTree = "<group>"; };
		7AABFFA01CA0E6CA005CB2BA /* LeftViewController.h */ = {isa = PBXFileReference; fileEncoding = 4; lastKnownFileType = sourcecode.c.h; path = LeftViewController.h; sourceTree = "<group>"; };
		7AABFFA11CA0E6CA005CB2BA /* LeftViewController.m */ = {isa = PBXFileReference; fileEncoding = 4; lastKnownFileType = sourcecode.c.objc; path = LeftViewController.m; sourceTree = "<group>"; };
		7AABFFA41CA0E73A005CB2BA /* RECommonFunctions.h */ = {isa = PBXFileReference; fileEncoding = 4; lastKnownFileType = sourcecode.c.h; path = RECommonFunctions.h; sourceTree = "<group>"; };
		7AABFFA51CA0E73A005CB2BA /* RECommonFunctions.m */ = {isa = PBXFileReference; fileEncoding = 4; lastKnownFileType = sourcecode.c.objc; path = RECommonFunctions.m; sourceTree = "<group>"; };
		7AABFFA61CA0E73A005CB2BA /* RESideMenu.h */ = {isa = PBXFileReference; fileEncoding = 4; lastKnownFileType = sourcecode.c.h; path = RESideMenu.h; sourceTree = "<group>"; };
		7AABFFA71CA0E73A005CB2BA /* RESideMenu.m */ = {isa = PBXFileReference; fileEncoding = 4; lastKnownFileType = sourcecode.c.objc; path = RESideMenu.m; sourceTree = "<group>"; };
		7AABFFA81CA0E73A005CB2BA /* UIViewController+RESideMenu.h */ = {isa = PBXFileReference; fileEncoding = 4; lastKnownFileType = sourcecode.c.h; path = "UIViewController+RESideMenu.h"; sourceTree = "<group>"; };
		7AABFFA91CA0E73A005CB2BA /* UIViewController+RESideMenu.m */ = {isa = PBXFileReference; fileEncoding = 4; lastKnownFileType = sourcecode.c.objc; path = "UIViewController+RESideMenu.m"; sourceTree = "<group>"; };
		7AABFFAD1CA0EDAC005CB2BA /* LeftStoryboard.storyboard */ = {isa = PBXFileReference; fileEncoding = 4; lastKnownFileType = file.storyboard; path = LeftStoryboard.storyboard; sourceTree = "<group>"; };
		7AACECD91C9C207F00A34CC1 /* WeatherViewController.h */ = {isa = PBXFileReference; fileEncoding = 4; lastKnownFileType = sourcecode.c.h; path = WeatherViewController.h; sourceTree = "<group>"; };
		7AACECDA1C9C208000A34CC1 /* WeatherViewController.m */ = {isa = PBXFileReference; fileEncoding = 4; lastKnownFileType = sourcecode.c.objc; path = WeatherViewController.m; sourceTree = "<group>"; };
		7AACECDC1C9C34D200A34CC1 /* WeatherStoryboard.storyboard */ = {isa = PBXFileReference; fileEncoding = 4; lastKnownFileType = file.storyboard; path = WeatherStoryboard.storyboard; sourceTree = "<group>"; };
		7ABEE5BA1C990F2A0093912D /* AMapLocationKit.framework */ = {isa = PBXFileReference; lastKnownFileType = wrapper.framework; path = AMapLocationKit.framework; sourceTree = "<group>"; };
		7ABEE5BC1C990F860093912D /* CoreTelephony.framework */ = {isa = PBXFileReference; lastKnownFileType = wrapper.framework; name = CoreTelephony.framework; path = System/Library/Frameworks/CoreTelephony.framework; sourceTree = SDKROOT; };
		7ABEE5BE1C990F940093912D /* SystemConfiguration.framework */ = {isa = PBXFileReference; lastKnownFileType = wrapper.framework; name = SystemConfiguration.framework; path = System/Library/Frameworks/SystemConfiguration.framework; sourceTree = SDKROOT; };
		7ABEE5C01C990F9F0093912D /* CoreLocation.framework */ = {isa = PBXFileReference; lastKnownFileType = wrapper.framework; name = CoreLocation.framework; path = System/Library/Frameworks/CoreLocation.framework; sourceTree = SDKROOT; };
		7ABEE5C21C990FB20093912D /* libz.tbd */ = {isa = PBXFileReference; lastKnownFileType = "sourcecode.text-based-dylib-definition"; name = libz.tbd; path = usr/lib/libz.tbd; sourceTree = SDKROOT; };
		7AD16D3E1C9BFE9100DC275C /* ForgetThePasswordViewController.h */ = {isa = PBXFileReference; fileEncoding = 4; lastKnownFileType = sourcecode.c.h; path = ForgetThePasswordViewController.h; sourceTree = "<group>"; };
		7AD16D3F1C9BFE9100DC275C /* ForgetThePasswordViewController.m */ = {isa = PBXFileReference; fileEncoding = 4; lastKnownFileType = sourcecode.c.objc; path = ForgetThePasswordViewController.m; sourceTree = "<group>"; };
		7AD2D52A1C9E6B2200298043 /* QRCodeViewController.h */ = {isa = PBXFileReference; fileEncoding = 4; lastKnownFileType = sourcecode.c.h; path = QRCodeViewController.h; sourceTree = "<group>"; };
		7AD2D52B1C9E6B2200298043 /* QRCodeViewController.m */ = {isa = PBXFileReference; fileEncoding = 4; lastKnownFileType = sourcecode.c.objc; path = QRCodeViewController.m; sourceTree = "<group>"; };
		7AD2D52D1C9E6C9C00298043 /* AVFoundation.framework */ = {isa = PBXFileReference; lastKnownFileType = wrapper.framework; name = AVFoundation.framework; path = System/Library/Frameworks/AVFoundation.framework; sourceTree = SDKROOT; };
		7AD2D5321C9E799600298043 /* AMapLocationKit.framework */ = {isa = PBXFileReference; lastKnownFileType = wrapper.framework; path = AMapLocationKit.framework; sourceTree = "<group>"; };
		7AD2D5361C9E883100298043 /* libstdc++.6.0.9.tbd */ = {isa = PBXFileReference; lastKnownFileType = "sourcecode.text-based-dylib-definition"; name = "libstdc++.6.0.9.tbd"; path = "usr/lib/libstdc++.6.0.9.tbd"; sourceTree = SDKROOT; };
		7AD2D5381C9E884900298043 /* Security.framework */ = {isa = PBXFileReference; lastKnownFileType = wrapper.framework; name = Security.framework; path = System/Library/Frameworks/Security.framework; sourceTree = SDKROOT; };
		7AD2D53A1C9E8A3D00298043 /* RoadViewController.h */ = {isa = PBXFileReference; fileEncoding = 4; lastKnownFileType = sourcecode.c.h; path = RoadViewController.h; sourceTree = "<group>"; };
		7AD2D53B1C9E8A3D00298043 /* RoadViewController.m */ = {isa = PBXFileReference; fileEncoding = 4; lastKnownFileType = sourcecode.c.objc; path = RoadViewController.m; sourceTree = "<group>"; };
		7AD3DB5B1C9A449A001065DF /* TitleViewController.h */ = {isa = PBXFileReference; fileEncoding = 4; lastKnownFileType = sourcecode.c.h; path = TitleViewController.h; sourceTree = "<group>"; };
		7AD3DB5C1C9A449A001065DF /* TitleViewController.m */ = {isa = PBXFileReference; fileEncoding = 4; lastKnownFileType = sourcecode.c.objc; path = TitleViewController.m; sourceTree = "<group>"; };
		7AD3DB5E1C9A557D001065DF /* LoginViewController.h */ = {isa = PBXFileReference; fileEncoding = 4; lastKnownFileType = sourcecode.c.h; path = LoginViewController.h; sourceTree = "<group>"; };
		7AD3DB5F1C9A557D001065DF /* LoginViewController.m */ = {isa = PBXFileReference; fileEncoding = 4; lastKnownFileType = sourcecode.c.objc; path = LoginViewController.m; sourceTree = "<group>"; };
		7AD3DB661C9A8A73001065DF /* LoginStoryboard.storyboard */ = {isa = PBXFileReference; fileEncoding = 4; lastKnownFileType = file.storyboard; path = LoginStoryboard.storyboard; sourceTree = "<group>"; };
		7AD3DB681C9AC99A001065DF /* RegisterViewController.h */ = {isa = PBXFileReference; fileEncoding = 4; lastKnownFileType = sourcecode.c.h; path = RegisterViewController.h; sourceTree = "<group>"; };
		7AD3DB691C9AC99A001065DF /* RegisterViewController.m */ = {isa = PBXFileReference; fileEncoding = 4; lastKnownFileType = sourcecode.c.objc; path = RegisterViewController.m; sourceTree = "<group>"; };
		7AE42B5C1CA0CC9300C83BF7 /* CollectTableViewCell.h */ = {isa = PBXFileReference; fileEncoding = 4; lastKnownFileType = sourcecode.c.h; path = CollectTableViewCell.h; sourceTree = "<group>"; };
		7AE42B5D1CA0CC9300C83BF7 /* CollectTableViewCell.m */ = {isa = PBXFileReference; fileEncoding = 4; lastKnownFileType = sourcecode.c.objc; path = CollectTableViewCell.m; sourceTree = "<group>"; };
		7AE42B7A1CA0EC7400C83BF7 /* CollectResultViewController.h */ = {isa = PBXFileReference; fileEncoding = 4; lastKnownFileType = sourcecode.c.h; path = CollectResultViewController.h; sourceTree = "<group>"; };
		7AE42B7B1CA0EC7400C83BF7 /* CollectResultViewController.m */ = {isa = PBXFileReference; fileEncoding = 4; lastKnownFileType = sourcecode.c.objc; path = CollectResultViewController.m; sourceTree = "<group>"; };
		7AEE49FD1C97E60B0081FBC6 /* leftView.h */ = {isa = PBXFileReference; fileEncoding = 4; lastKnownFileType = sourcecode.c.h; name = leftView.h; path = ViewLuoYang/leftView.h; sourceTree = SOURCE_ROOT; };
		7AEE49FE1C97E60B0081FBC6 /* leftView.m */ = {isa = PBXFileReference; fileEncoding = 4; lastKnownFileType = sourcecode.c.objc; name = leftView.m; path = ViewLuoYang/leftView.m; sourceTree = SOURCE_ROOT; };
		7AEE4A041C97E6DE0081FBC6 /* letfView.xib */ = {isa = PBXFileReference; fileEncoding = 4; lastKnownFileType = file.xib; name = letfView.xib; path = ViewLuoYang/letfView.xib; sourceTree = SOURCE_ROOT; };
		7AEE4A081C97F55D0081FBC6 /* LuoyangNews.plist */ = {isa = PBXFileReference; fileEncoding = 4; lastKnownFileType = text.plist.xml; name = LuoyangNews.plist; path = ViewLuoYang/LuoyangNews.plist; sourceTree = SOURCE_ROOT; };
		7AEE4A0A1C97F6260081FBC6 /* LuoyangNews.h */ = {isa = PBXFileReference; fileEncoding = 4; lastKnownFileType = sourcecode.c.h; name = LuoyangNews.h; path = ViewLuoYang/LuoyangNews.h; sourceTree = SOURCE_ROOT; };
		7AEE4A0B1C97F6260081FBC6 /* LuoyangNews.m */ = {isa = PBXFileReference; fileEncoding = 4; lastKnownFileType = sourcecode.c.objc; name = LuoyangNews.m; path = ViewLuoYang/LuoyangNews.m; sourceTree = SOURCE_ROOT; };
		7AEE4A0D1C97F9410081FBC6 /* LuoyangNewsTableViewCell.h */ = {isa = PBXFileReference; fileEncoding = 4; lastKnownFileType = sourcecode.c.h; name = LuoyangNewsTableViewCell.h; path = ViewLuoYang/LuoyangNewsTableViewCell.h; sourceTree = SOURCE_ROOT; };
		7AEE4A0E1C97F9410081FBC6 /* LuoyangNewsTableViewCell.m */ = {isa = PBXFileReference; fileEncoding = 4; lastKnownFileType = sourcecode.c.objc; name = LuoyangNewsTableViewCell.m; path = ViewLuoYang/LuoyangNewsTableViewCell.m; sourceTree = SOURCE_ROOT; };
		7AEE4A0F1C97F9410081FBC6 /* LuoyangNewsTableViewCell.xib */ = {isa = PBXFileReference; fileEncoding = 4; lastKnownFileType = file.xib; name = LuoyangNewsTableViewCell.xib; path = ViewLuoYang/LuoyangNewsTableViewCell.xib; sourceTree = SOURCE_ROOT; };
		7AEE4A121C98002D0081FBC6 /* HotTalk.plist */ = {isa = PBXFileReference; fileEncoding = 4; lastKnownFileType = text.plist.xml; name = HotTalk.plist; path = ViewLuoYang/HotTalk.plist; sourceTree = SOURCE_ROOT; };
		7AEE4A141C980ED40081FBC6 /* NewsDetailViewController.h */ = {isa = PBXFileReference; fileEncoding = 4; lastKnownFileType = sourcecode.c.h; path = NewsDetailViewController.h; sourceTree = "<group>"; };
		7AEE4A151C980ED40081FBC6 /* NewsDetailViewController.m */ = {isa = PBXFileReference; fileEncoding = 4; lastKnownFileType = sourcecode.c.objc; path = NewsDetailViewController.m; sourceTree = "<group>"; };
		7AEE4A191C9844AE0081FBC6 /* headView.plist */ = {isa = PBXFileReference; fileEncoding = 4; lastKnownFileType = text.plist.xml; name = headView.plist; path = ViewLuoYang/headView.plist; sourceTree = SOURCE_ROOT; };
		7AEE4A1B1C9845090081FBC6 /* headPhotoModel.h */ = {isa = PBXFileReference; fileEncoding = 4; lastKnownFileType = sourcecode.c.h; name = headPhotoModel.h; path = ViewLuoYang/headPhotoModel.h; sourceTree = SOURCE_ROOT; };
		7AEE4A1C1C9845090081FBC6 /* headPhotoModel.m */ = {isa = PBXFileReference; fileEncoding = 4; lastKnownFileType = sourcecode.c.objc; name = headPhotoModel.m; path = ViewLuoYang/headPhotoModel.m; sourceTree = SOURCE_ROOT; };
		7AF172231C98F9BA00AC94D1 /* NewsScondCollectionViewCell.h */ = {isa = PBXFileReference; fileEncoding = 4; lastKnownFileType = sourcecode.c.h; path = NewsScondCollectionViewCell.h; sourceTree = "<group>"; };
		7AF172241C98F9BA00AC94D1 /* NewsScondCollectionViewCell.m */ = {isa = PBXFileReference; fileEncoding = 4; lastKnownFileType = sourcecode.c.objc; path = NewsScondCollectionViewCell.m; sourceTree = "<group>"; };
		CA4AB23D78D5404ABECD5147 /* libPods.a */ = {isa = PBXFileReference; explicitFileType = archive.ar; includeInIndex = 0; path = libPods.a; sourceTree = BUILT_PRODUCTS_DIR; };
		FFBA45722C735EF737B85187 /* Pods.debug.xcconfig */ = {isa = PBXFileReference; includeInIndex = 1; lastKnownFileType = text.xcconfig; name = Pods.debug.xcconfig; path = "Pods/Target Support Files/Pods/Pods.debug.xcconfig"; sourceTree = "<group>"; };
/* End PBXFileReference section */

/* Begin PBXFrameworksBuildPhase section */
		7A5CFAC41C97C81C0002AF99 /* Frameworks */ = {
			isa = PBXFrameworksBuildPhase;
			buildActionMask = 2147483647;
			files = (
				7A04D8BB1CA2882D008A58EA /* CoreMotion.framework in Frameworks */,
				7A04D8B71CA28770008A58EA /* AlipaySDK.bundle in Frameworks */,
				7A04D8B81CA28770008A58EA /* AlipaySDK.framework in Frameworks */,
				7A04D8B91CA28770008A58EA /* BmobPay.framework in Frameworks */,
				7A2DDEB11CA230BD0082F3CB /* CoreFoundation.framework in Frameworks */,
				7A2DDEAF1CA230750082F3CB /* CFNetwork.framework in Frameworks */,
				7A2DDEAD1CA230120082F3CB /* jpush-ios-2.1.0.a in Frameworks */,
				7A94AC201C9F792700E676E7 /* libsqlite3.tbd in Frameworks */,
				7A1A66191C9E85AA00A48CD9 /* libc++.tbd in Frameworks */,
				7A1A66171C9E859200A48CD9 /* libsqlite3.0.tbd in Frameworks */,
				7AD2D5371C9E883100298043 /* libstdc++.6.0.9.tbd in Frameworks */,
				7AD2D52E1C9E6C9C00298043 /* AVFoundation.framework in Frameworks */,
				7ABEE5C31C990FB20093912D /* libz.tbd in Frameworks */,
				7ABEE5BF1C990F940093912D /* SystemConfiguration.framework in Frameworks */,
				7A1A66141C9E84A800A48CD9 /* libWeChatSDK.a in Frameworks */,
				7A1A65F51C9E4A6500A48CD9 /* CoreGraphics.framework in Frameworks */,
				7A1A65F31C9E4A5B00A48CD9 /* Foundation.framework in Frameworks */,
				7A04D8C31CA28B9E008A58EA /* BmobPay.framework in Frameworks */,
				7A1A65F11C9E4A4800A48CD9 /* UIKit.framework in Frameworks */,
				7A1A65EF1C9E4A3E00A48CD9 /* CoreText.framework in Frameworks */,
				7ABEE5BD1C990F860093912D /* CoreTelephony.framework in Frameworks */,
				7A1A65ED1C9E4A1F00A48CD9 /* Security.framework in Frameworks */,
				7A04D8C21CA28B9E008A58EA /* AlipaySDK.framework in Frameworks */,
				7A1A65EB1C9E4A0000A48CD9 /* ImageIO.framework in Frameworks */,
				7A1A66061C9E4E0400A48CD9 /* libWeiboSDK.a in Frameworks */,
				7A1A65E91C9E49F400A48CD9 /* QuartzCore.framework in Frameworks */,
				7ABEE5C11C990F9F0093912D /* CoreLocation.framework in Frameworks */,
				9E8886EC3A4E95DD8B0F807E /* libPods.a in Frameworks */,
				7ABEE5BB1C990F2A0093912D /* AMapLocationKit.framework in Frameworks */,
			);
			runOnlyForDeploymentPostprocessing = 0;
		};
/* End PBXFrameworksBuildPhase section */

/* Begin PBXGroup section */
		4180C759D1F1043503F22CEE /* Frameworks */ = {
			isa = PBXGroup;
			children = (
				7A04D8BA1CA2882D008A58EA /* CoreMotion.framework */,
				7A04D8B41CA28770008A58EA /* AlipaySDK.bundle */,
				7A04D8B51CA28770008A58EA /* AlipaySDK.framework */,
				7A04D8B61CA28770008A58EA /* BmobPay.framework */,
				7A2DDEB01CA230BD0082F3CB /* CoreFoundation.framework */,
				7A2DDEAE1CA230750082F3CB /* CFNetwork.framework */,
				7A1A66181C9E85AA00A48CD9 /* libc++.tbd */,
				7A1A66161C9E859200A48CD9 /* libsqlite3.0.tbd */,
				7A1A65F61C9E4A8A00A48CD9 /* libsqlite3.tbd */,
				7A1A65F41C9E4A6500A48CD9 /* CoreGraphics.framework */,
				7A1A65F21C9E4A5B00A48CD9 /* Foundation.framework */,
				7A1A65F01C9E4A4800A48CD9 /* UIKit.framework */,
				7A1A65EE1C9E4A3E00A48CD9 /* CoreText.framework */,
				7A1A65EC1C9E4A1F00A48CD9 /* Security.framework */,
				7A1A65EA1C9E4A0000A48CD9 /* ImageIO.framework */,
				7A1A65E81C9E49F400A48CD9 /* QuartzCore.framework */,
				7AD2D5381C9E884900298043 /* Security.framework */,
				7AD2D5361C9E883100298043 /* libstdc++.6.0.9.tbd */,
				7AD2D52D1C9E6C9C00298043 /* AVFoundation.framework */,
				7ABEE5C21C990FB20093912D /* libz.tbd */,
				7ABEE5C01C990F9F0093912D /* CoreLocation.framework */,
				7ABEE5BE1C990F940093912D /* SystemConfiguration.framework */,
				7ABEE5BC1C990F860093912D /* CoreTelephony.framework */,
				CA4AB23D78D5404ABECD5147 /* libPods.a */,
			);
			name = Frameworks;
			sourceTree = "<group>";
		};
		60905B9EB9BE2B3EBE333F7F /* Pods */ = {
			isa = PBXGroup;
			children = (
				FFBA45722C735EF737B85187 /* Pods.debug.xcconfig */,
				343C6496E289605AF2800A0C /* Pods.release.xcconfig */,
			);
			name = Pods;
			sourceTree = "<group>";
		};
		7A04D8BC1CA28B9E008A58EA /* BmobPay_V1.0.5 */ = {
			isa = PBXGroup;
			children = (
				7A04D8BD1CA28B9E008A58EA /* AlipaySDK.bundle */,
				7A04D8BE1CA28B9E008A58EA /* AlipaySDK.framework */,
				7A04D8BF1CA28B9E008A58EA /* BmobPay.framework */,
				7A04D8C01CA28B9E008A58EA /* 更新日志.rtf */,
			);
			path = BmobPay_V1.0.5;
			sourceTree = "<group>";
		};
		7A1A65F81C9E4E0400A48CD9 /* Library */ = {
			isa = PBXGroup;
			children = (
				7A1A660E1C9E84A800A48CD9 /* SDK1.6.2 */,
				7A1A660B1C9E557100A48CD9 /* UIView+Extension.h */,
				7A1A660C1C9E557100A48CD9 /* UIView+Extension.m */,
				7A1A65F91C9E4E0400A48CD9 /* libWeiboSDK */,
				7A2DDEB21CA232920082F3CB /* PushConfig.plist */,
			);
			path = Library;
			sourceTree = "<group>";
		};
		7A1A65F91C9E4E0400A48CD9 /* libWeiboSDK */ = {
			isa = PBXGroup;
			children = (
				7A1A65FA1C9E4E0400A48CD9 /* libWeiboSDK.a */,
				7A1A65FB1C9E4E0400A48CD9 /* WBHttpRequest+WeiboGame.h */,
				7A1A65FC1C9E4E0400A48CD9 /* WBHttpRequest+WeiboShare.h */,
				7A1A65FD1C9E4E0400A48CD9 /* WBHttpRequest+WeiboToken.h */,
				7A1A65FE1C9E4E0400A48CD9 /* WBHttpRequest+WeiboUser.h */,
				7A1A65FF1C9E4E0400A48CD9 /* WBHttpRequest.h */,
				7A1A66001C9E4E0400A48CD9 /* WBSDKBasicButton.h */,
				7A1A66011C9E4E0400A48CD9 /* WBSDKCommentButton.h */,
				7A1A66021C9E4E0400A48CD9 /* WBSDKRelationshipButton.h */,
				7A1A66031C9E4E0400A48CD9 /* WeiboSDK.bundle */,
				7A1A66041C9E4E0400A48CD9 /* WeiboSDK.h */,
				7A1A66051C9E4E0400A48CD9 /* WeiboUser.h */,
			);
			path = libWeiboSDK;
			sourceTree = "<group>";
		};
		7A1A660E1C9E84A800A48CD9 /* SDK1.6.2 */ = {
			isa = PBXGroup;
			children = (
				7A1A660F1C9E84A800A48CD9 /* libWeChatSDK.a */,
				7A1A66101C9E84A800A48CD9 /* read_me.txt */,
				7A1A66111C9E84A800A48CD9 /* WechatAuthSDK.h */,
				7A1A66121C9E84A800A48CD9 /* WXApi.h */,
				7A1A66131C9E84A800A48CD9 /* WXApiObject.h */,
			);
			path = SDK1.6.2;
			sourceTree = "<group>";
		};
		7A2DDEAA1CA230120082F3CB /* lib */ = {
			isa = PBXGroup;
			children = (
				7A2DDEAB1CA230120082F3CB /* jpush-ios-2.1.0.a */,
				7A2DDEAC1CA230120082F3CB /* JPUSHService.h */,
			);
			path = lib;
			sourceTree = "<group>";
		};
		7A4649291CA14FD000E4DBD4 /* QRCodeReaderViewController */ = {
			isa = PBXGroup;
			children = (
				7A46492A1CA14FD000E4DBD4 /* QRCameraSwitchButton.h */,
				7A46492B1CA14FD000E4DBD4 /* QRCameraSwitchButton.m */,
				7A46492C1CA14FD000E4DBD4 /* QRCodeReaderDelegate.h */,
				7A46492D1CA14FD000E4DBD4 /* QRCodeReaderView.h */,
				7A46492E1CA14FD000E4DBD4 /* QRCodeReaderView.m */,
				7A46492F1CA14FD000E4DBD4 /* QRCodeReaderViewController.h */,
				7A4649301CA14FD000E4DBD4 /* QRCodeReaderViewController.m */,
			);
			path = QRCodeReaderViewController;
			sourceTree = "<group>";
		};
		7A5CFABE1C97C81C0002AF99 = {
			isa = PBXGroup;
			children = (
				7A5CFADB1C97C8C10002AF99 /* Class */,
				7A5CFAC91C97C81C0002AF99 /* ViewLuoYang */,
				7A5CFAC81C97C81C0002AF99 /* Products */,
				60905B9EB9BE2B3EBE333F7F /* Pods */,
				4180C759D1F1043503F22CEE /* Frameworks */,
			);
			sourceTree = "<group>";
		};
		7A5CFAC81C97C81C0002AF99 /* Products */ = {
			isa = PBXGroup;
			children = (
				7A5CFAC71C97C81C0002AF99 /* ViewLuoYang.app */,
			);
			name = Products;
			sourceTree = "<group>";
		};
		7A5CFAC91C97C81C0002AF99 /* ViewLuoYang */ = {
			isa = PBXGroup;
			children = (
				7A1A65F81C9E4E0400A48CD9 /* Library */,
				7A5CFACD1C97C81C0002AF99 /* AppDelegate.h */,
				7A5CFACE1C97C81C0002AF99 /* AppDelegate.m */,
				7A5CFAD01C97C81C0002AF99 /* Assets.xcassets */,
				7A5CFAD21C97C81C0002AF99 /* LaunchScreen.storyboard */,
				7A5CFAD51C97C81C0002AF99 /* Info.plist */,
				7A5CFACA1C97C81C0002AF99 /* Supporting Files */,
			);
			path = ViewLuoYang;
			sourceTree = "<group>";
		};
		7A5CFACA1C97C81C0002AF99 /* Supporting Files */ = {
			isa = PBXGroup;
			children = (
				7A5CFACB1C97C81C0002AF99 /* main.m */,
			);
			name = "Supporting Files";
			sourceTree = "<group>";
		};
		7A5CFADB1C97C8C10002AF99 /* Class */ = {
			isa = PBXGroup;
			children = (
				7A5CFAEC1C97C8C10002AF99 /* Resource */,
				7A5CFADC1C97C8C10002AF99 /* Login */,
				7A5CFAE01C97C8C10002AF99 /* Message */,
				7A5CFAE61C97C8C10002AF99 /* News */,
				7A5CFAF71C97C8C10002AF99 /* Service */,
				7ABEE5C41C99110C0093912D /* LocationServices */,
				7A5CFAFD1C97C8C10002AF99 /* Show */,
			);
			name = Class;
			path = ViewLuoYang/Class;
			sourceTree = "<group>";
		};
		7A5CFADC1C97C8C10002AF99 /* Login */ = {
			isa = PBXGroup;
			children = (
				7A5CFADD1C97C8C10002AF99 /* Controllers */,
				7A5CFADE1C97C8C10002AF99 /* Models */,
				7A5CFADF1C97C8C10002AF99 /* Views */,
			);
			path = Login;
			sourceTree = "<group>";
		};
		7A5CFADD1C97C8C10002AF99 /* Controllers */ = {
			isa = PBXGroup;
			children = (
				7AD3DB5E1C9A557D001065DF /* LoginViewController.h */,
				7AD3DB5F1C9A557D001065DF /* LoginViewController.m */,
				7AD3DB681C9AC99A001065DF /* RegisterViewController.h */,
				7AD3DB691C9AC99A001065DF /* RegisterViewController.m */,
				7AD16D3E1C9BFE9100DC275C /* ForgetThePasswordViewController.h */,
				7AD16D3F1C9BFE9100DC275C /* ForgetThePasswordViewController.m */,
			);
			path = Controllers;
			sourceTree = "<group>";
		};
		7A5CFADE1C97C8C10002AF99 /* Models */ = {
			isa = PBXGroup;
			children = (
			);
			path = Models;
			sourceTree = "<group>";
		};
		7A5CFADF1C97C8C10002AF99 /* Views */ = {
			isa = PBXGroup;
			children = (
				7AD3DB661C9A8A73001065DF /* LoginStoryboard.storyboard */,
			);
			path = Views;
			sourceTree = "<group>";
		};
		7A5CFAE01C97C8C10002AF99 /* Message */ = {
			isa = PBXGroup;
			children = (
				7A5CFAE11C97C8C10002AF99 /* Controllers */,
				7A5CFAE41C97C8C10002AF99 /* Models */,
				7A5CFAE51C97C8C10002AF99 /* Views */,
			);
			path = Message;
			sourceTree = "<group>";
		};
		7A5CFAE11C97C8C10002AF99 /* Controllers */ = {
			isa = PBXGroup;
			children = (
				7A5CFAE21C97C8C10002AF99 /* MessageViewController.h */,
				7A5CFAE31C97C8C10002AF99 /* MessageViewController.m */,
			);
			path = Controllers;
			sourceTree = "<group>";
		};
		7A5CFAE41C97C8C10002AF99 /* Models */ = {
			isa = PBXGroup;
			children = (
			);
			path = Models;
			sourceTree = "<group>";
		};
		7A5CFAE51C97C8C10002AF99 /* Views */ = {
			isa = PBXGroup;
			children = (
			);
			path = Views;
			sourceTree = "<group>";
		};
		7A5CFAE61C97C8C10002AF99 /* News */ = {
			isa = PBXGroup;
			children = (
				7A5CFAE71C97C8C10002AF99 /* Controllers */,
				7A5CFAEA1C97C8C10002AF99 /* Models */,
				7A5CFAEB1C97C8C10002AF99 /* Views */,
			);
			path = News;
			sourceTree = "<group>";
		};
		7A5CFAE71C97C8C10002AF99 /* Controllers */ = {
			isa = PBXGroup;
			children = (
				7A1A66081C9E523200A48CD9 /* ShareView.h */,
				7A1A66091C9E523200A48CD9 /* ShareView.m */,
				7A5CFAE81C97C8C10002AF99 /* NewsViewController.h */,
				7A5CFAE91C97C8C10002AF99 /* NewsViewController.m */,
				7A5CFB161C9824190002AF99 /* NewsTwoViewController.h */,
				7A5CFB171C9824190002AF99 /* NewsTwoViewController.m */,
				7AD3DB5B1C9A449A001065DF /* TitleViewController.h */,
				7AD3DB5C1C9A449A001065DF /* TitleViewController.m */,
				7A7073C01C9CF3CE00D13F7B /* DiscussViewController.h */,
				7A7073C11C9CF3CE00D13F7B /* DiscussViewController.m */,
				7A93966B1C9D5BAE0008DC18 /* CollectViewController.h */,
				7A93966C1C9D5BAE0008DC18 /* CollectViewController.m */,
				7AE42B7A1CA0EC7400C83BF7 /* CollectResultViewController.h */,
				7AE42B7B1CA0EC7400C83BF7 /* CollectResultViewController.m */,
			);
			path = Controllers;
			sourceTree = "<group>";
		};
		7A5CFAEA1C97C8C10002AF99 /* Models */ = {
			isa = PBXGroup;
			children = (
				7A5CFB0B1C97D8280002AF99 /* NewsModel.h */,
				7A5CFB0C1C97D8280002AF99 /* NewsModel.m */,
				7A98C2E31CA02A2E00EC4C74 /* Collect.h */,
				7A98C2E41CA02A2E00EC4C74 /* Collect.m */,
				7A98C2E61CA02C4400EC4C74 /* DataBaseManger.h */,
				7A98C2E71CA02C4400EC4C74 /* DataBaseManger.m */,
			);
			path = Models;
			sourceTree = "<group>";
		};
		7A5CFAEB1C97C8C10002AF99 /* Views */ = {
			isa = PBXGroup;
			children = (
				7AE42B5C1CA0CC9300C83BF7 /* CollectTableViewCell.h */,
				7AE42B5D1CA0CC9300C83BF7 /* CollectTableViewCell.m */,
				7A5CFB0E1C97DCA10002AF99 /* News.plist */,
				7A5CFB101C980B4C0002AF99 /* NewsCollectionViewCell.h */,
				7A5CFB111C980B4C0002AF99 /* NewsCollectionViewCell.m */,
				7A5CFB191C9845060002AF99 /* TouchItems.plist */,
				7AF172231C98F9BA00AC94D1 /* NewsScondCollectionViewCell.h */,
				7AF172241C98F9BA00AC94D1 /* NewsScondCollectionViewCell.m */,
			);
			path = Views;
			sourceTree = "<group>";
		};
		7A5CFAEC1C97C8C10002AF99 /* Resource */ = {
			isa = PBXGroup;
			children = (
				7A04D8BC1CA28B9E008A58EA /* BmobPay_V1.0.5 */,
				7A2DDEAA1CA230120082F3CB /* lib */,
				7A4649291CA14FD000E4DBD4 /* QRCodeReaderViewController */,
				7AD2D5321C9E799600298043 /* AMapLocationKit.framework */,
				7A8131AA1C9BFF4100114348 /* UIView+YSTextInputKeyboard.h */,
				7A8131AB1C9BFF4100114348 /* UIView+YSTextInputKeyboard.m */,
				7ABEE5BA1C990F2A0093912D /* AMapLocationKit.framework */,
				7AA00C361C97E1AC00FD6D15 /* Reachability */,
				7A5CFAED1C97C8C10002AF99 /* Header.h */,
				7A5CFAEE1C97C8C10002AF99 /* HWTools.h */,
				7A5CFAEF1C97C8C10002AF99 /* HWTools.m */,
				7A5CFAF01C97C8C10002AF99 /* MySelf.pch */,
				7A5CFAF11C97C8C10002AF99 /* ProgressHUD */,
				7A5CFAF51C97C8C10002AF99 /* UIViewController+Common.h */,
				7A5CFAF61C97C8C10002AF99 /* UIViewController+Common.m */,
			);
			path = Resource;
			sourceTree = "<group>";
		};
		7A5CFAF11C97C8C10002AF99 /* ProgressHUD */ = {
			isa = PBXGroup;
			children = (
				7A5CFAF21C97C8C10002AF99 /* ProgressHUD.bundle */,
				7A5CFAF31C97C8C10002AF99 /* ProgressHUD.h */,
				7A5CFAF41C97C8C10002AF99 /* ProgressHUD.m */,
			);
			path = ProgressHUD;
			sourceTree = "<group>";
		};
		7A5CFAF71C97C8C10002AF99 /* Service */ = {
			isa = PBXGroup;
			children = (
				7A5CFAF81C97C8C10002AF99 /* Controllers */,
				7A5CFAFB1C97C8C10002AF99 /* Models */,
				7A5CFAFC1C97C8C10002AF99 /* Views */,
			);
			path = Service;
			sourceTree = "<group>";
		};
		7A5CFAF81C97C8C10002AF99 /* Controllers */ = {
			isa = PBXGroup;
			children = (
				7A5CFAF91C97C8C10002AF99 /* ServiceViewController.h */,
				7A5CFAFA1C97C8C10002AF99 /* ServiceViewController.m */,
				7A04D8CD1CA2A37A008A58EA /* ailuoyang.plist */,
				7A4055A71C9817490040895C /* ServicedidViewController.h */,
				7A4055A81C9817490040895C /* ServicedidViewController.m */,
				7AD2D52A1C9E6B2200298043 /* QRCodeViewController.h */,
				7AD2D52B1C9E6B2200298043 /* QRCodeViewController.m */,
				7A43EC581C9EAB5B00F880EF /* SYTCodeScanerViewController.h */,
				7A43EC591C9EAB5B00F880EF /* SYTCodeScanerViewController.m */,
				7A04D8C71CA29D7A008A58EA /* MoveViewController.h */,
				7A04D8C81CA29D7A008A58EA /* MoveViewController.m */,
				7A182BF71CA426B100E99485 /* moveStoryboard.storyboard */,
				7AA00C411C97E87600FD6D15 /* service.plist */,
				7A04D8C51CA29C1C008A58EA /* Money.jpg */,
			);
			path = Controllers;
			sourceTree = "<group>";
		};
		7A5CFAFB1C97C8C10002AF99 /* Models */ = {
			isa = PBXGroup;
			children = (
				7A0E430D1C99985B0078D4A3 /* serviceModel.m */,
				7A0E430E1C99985B0078D4A3 /* serviceModel.h */,
				7A04D8CA1CA2A00F008A58EA /* AiLuoyang.h */,
				7A04D8CB1CA2A00F008A58EA /* AiLuoyang.m */,
			);
			path = Models;
			sourceTree = "<group>";
		};
		7A5CFAFC1C97C8C10002AF99 /* Views */ = {
			isa = PBXGroup;
			children = (
				7A0E43101C99986C0078D4A3 /* ServiceCollectionViewCell.m */,
				7A0E43111C99986C0078D4A3 /* ServiceCollectionViewCell.xib */,
				7A0E43121C99986C0078D4A3 /* ServiceCollectionViewCell.h */,
			);
			path = Views;
			sourceTree = "<group>";
		};
		7A5CFAFD1C97C8C10002AF99 /* Show */ = {
			isa = PBXGroup;
			children = (
				7AABFFA31CA0E73A005CB2BA /* RESideMenu */,
				7A5CFAFE1C97C8C10002AF99 /* Controllers */,
				7A5CFB011C97C8C10002AF99 /* Models */,
				7A5CFB021C97C8C10002AF99 /* Views */,
			);
			path = Show;
			sourceTree = "<group>";
		};
		7A5CFAFE1C97C8C10002AF99 /* Controllers */ = {
			isa = PBXGroup;
			children = (
				7A5CFAFF1C97C8C10002AF99 /* ShowViewController.h */,
				7A5CFB001C97C8C10002AF99 /* ShowViewController.m */,
				7AEE4A141C980ED40081FBC6 /* NewsDetailViewController.h */,
				7AEE4A151C980ED40081FBC6 /* NewsDetailViewController.m */,
				7AABFFA01CA0E6CA005CB2BA /* LeftViewController.h */,
				7AABFFA11CA0E6CA005CB2BA /* LeftViewController.m */,
				7A4649261CA12F6F00E4DBD4 /* SettingViewController.h */,
				7A4649271CA12F6F00E4DBD4 /* SettingViewController.m */,
				7A2DDEB41CA246B10082F3CB /* aboutViewController.h */,
				7A2DDEB51CA246B10082F3CB /* aboutViewController.m */,
			);
			path = Controllers;
			sourceTree = "<group>";
		};
		7A5CFB011C97C8C10002AF99 /* Models */ = {
			isa = PBXGroup;
			children = (
				7AEE4A081C97F55D0081FBC6 /* LuoyangNews.plist */,
				7AEE4A0A1C97F6260081FBC6 /* LuoyangNews.h */,
				7AEE4A0B1C97F6260081FBC6 /* LuoyangNews.m */,
				7AEE4A121C98002D0081FBC6 /* HotTalk.plist */,
				7AEE4A191C9844AE0081FBC6 /* headView.plist */,
				7AEE4A1B1C9845090081FBC6 /* headPhotoModel.h */,
				7AEE4A1C1C9845090081FBC6 /* headPhotoModel.m */,
			);
			path = Models;
			sourceTree = "<group>";
		};
		7A5CFB021C97C8C10002AF99 /* Views */ = {
			isa = PBXGroup;
			children = (
				7AEE49FD1C97E60B0081FBC6 /* leftView.h */,
				7AEE49FE1C97E60B0081FBC6 /* leftView.m */,
				7AEE4A041C97E6DE0081FBC6 /* letfView.xib */,
				7AEE4A0D1C97F9410081FBC6 /* LuoyangNewsTableViewCell.h */,
				7AEE4A0E1C97F9410081FBC6 /* LuoyangNewsTableViewCell.m */,
				7AEE4A0F1C97F9410081FBC6 /* LuoyangNewsTableViewCell.xib */,
				7AABFFAD1CA0EDAC005CB2BA /* LeftStoryboard.storyboard */,
			);
			path = Views;
			sourceTree = "<group>";
		};
		7AA00C361C97E1AC00FD6D15 /* Reachability */ = {
			isa = PBXGroup;
			children = (
				7A4649341CA1737A00E4DBD4 /* defaultImage.jpg */,
				7A6254011CA034C1002CA7E1 /* image2.jpg */,
				7A6253FF1CA0344A002CA7E1 /* image1.jpg */,
				7AA00C371C97E1AC00FD6D15 /* LICENCE.txt */,
				7AA00C381C97E1AC00FD6D15 /* Reachability.h */,
				7AA00C391C97E1AC00FD6D15 /* Reachability.m */,
				7AA00C3A1C97E1AC00FD6D15 /* README.md */,
				7AA00C3B1C97E1AC00FD6D15 /* ZMYNetManager.h */,
				7AA00C3C1C97E1AC00FD6D15 /* ZMYNetManager.m */,
			);
			path = Reachability;
			sourceTree = "<group>";
		};
		7AABFFA31CA0E73A005CB2BA /* RESideMenu */ = {
			isa = PBXGroup;
			children = (
				7AABFFA41CA0E73A005CB2BA /* RECommonFunctions.h */,
				7AABFFA51CA0E73A005CB2BA /* RECommonFunctions.m */,
				7AABFFA61CA0E73A005CB2BA /* RESideMenu.h */,
				7AABFFA71CA0E73A005CB2BA /* RESideMenu.m */,
				7AABFFA81CA0E73A005CB2BA /* UIViewController+RESideMenu.h */,
				7AABFFA91CA0E73A005CB2BA /* UIViewController+RESideMenu.m */,
			);
			path = RESideMenu;
			sourceTree = "<group>";
		};
		7ABEE5C41C99110C0093912D /* LocationServices */ = {
			isa = PBXGroup;
			children = (
				7ABEE5C51C99110C0093912D /* Controller */,
				7ABEE5C61C99110C0093912D /* Model */,
				7ABEE5C71C99110C0093912D /* View */,
			);
			path = LocationServices;
			sourceTree = "<group>";
		};
		7ABEE5C51C99110C0093912D /* Controller */ = {
			isa = PBXGroup;
			children = (
				7A9F19281C9E4C6F0009758B /* CustomCalloutView.h */,
				7A9F19291C9E4C6F0009758B /* CustomCalloutView.m */,
				7A9F19251C9E4C3B0009758B /* CustomAnnotationView.h */,
				7A9F19261C9E4C3B0009758B /* CustomAnnotationView.m */,
				7A7EDBA71C993AAC00DC6EDF /* LocationViewController.h */,
				7A7EDBA81C993AAC00DC6EDF /* LocationViewController.m */,
				7A07F7A21C9AC750008532DE /* NearViewController.h */,
				7A07F7A31C9AC750008532DE /* NearViewController.m */,
				7AD2D53A1C9E8A3D00298043 /* RoadViewController.h */,
				7AD2D53B1C9E8A3D00298043 /* RoadViewController.m */,
				7AACECD91C9C207F00A34CC1 /* WeatherViewController.h */,
				7AACECDA1C9C208000A34CC1 /* WeatherViewController.m */,
				7AACECDC1C9C34D200A34CC1 /* WeatherStoryboard.storyboard */,
			);
			path = Controller;
			sourceTree = "<group>";
		};
		7ABEE5C61C99110C0093912D /* Model */ = {
			isa = PBXGroup;
			children = (
			);
			path = Model;
			sourceTree = "<group>";
		};
		7ABEE5C71C99110C0093912D /* View */ = {
			isa = PBXGroup;
			children = (
			);
			path = View;
			sourceTree = "<group>";
		};
/* End PBXGroup section */

/* Begin PBXNativeTarget section */
		7A5CFAC61C97C81C0002AF99 /* ViewLuoYang */ = {
			isa = PBXNativeTarget;
			buildConfigurationList = 7A5CFAD81C97C81C0002AF99 /* Build configuration list for PBXNativeTarget "ViewLuoYang" */;
			buildPhases = (
				729F104DE986C63B9E448528 /* Check Pods Manifest.lock */,
				7A5CFAC31C97C81C0002AF99 /* Sources */,
				7A5CFAC41C97C81C0002AF99 /* Frameworks */,
				7A5CFAC51C97C81C0002AF99 /* Resources */,
				4ABEB40E85F8C4BB71D6D969 /* Embed Pods Frameworks */,
				FBC4A5275978732F3E918EC8 /* Copy Pods Resources */,
			);
			buildRules = (
			);
			dependencies = (
			);
			name = ViewLuoYang;
			productName = ViewLuoYang;
			productReference = 7A5CFAC71C97C81C0002AF99 /* ViewLuoYang.app */;
			productType = "com.apple.product-type.application";
		};
/* End PBXNativeTarget section */

/* Begin PBXProject section */
		7A5CFABF1C97C81C0002AF99 /* Project object */ = {
			isa = PBXProject;
			attributes = {
				LastUpgradeCheck = 0720;
				ORGANIZATIONNAME = "秦俊珍";
				TargetAttributes = {
					7A5CFAC61C97C81C0002AF99 = {
						CreatedOnToolsVersion = 7.2;
						SystemCapabilities = {
							com.apple.BackgroundModes = {
								enabled = 0;
							};
							com.apple.Push = {
								enabled = 0;
							};
						};
					};
				};
			};
			buildConfigurationList = 7A5CFAC21C97C81C0002AF99 /* Build configuration list for PBXProject "ViewLuoYang" */;
			compatibilityVersion = "Xcode 3.2";
			developmentRegion = English;
			hasScannedForEncodings = 0;
			knownRegions = (
				en,
				Base,
			);
			mainGroup = 7A5CFABE1C97C81C0002AF99;
			productRefGroup = 7A5CFAC81C97C81C0002AF99 /* Products */;
			projectDirPath = "";
			projectRoot = "";
			targets = (
				7A5CFAC61C97C81C0002AF99 /* ViewLuoYang */,
			);
		};
/* End PBXProject section */

/* Begin PBXResourcesBuildPhase section */
		7A5CFAC51C97C81C0002AF99 /* Resources */ = {
			isa = PBXResourcesBuildPhase;
			buildActionMask = 2147483647;
			files = (
				7AEE4A111C97F9410081FBC6 /* LuoyangNewsTableViewCell.xib in Resources */,
				7AA00C3D1C97E1AC00FD6D15 /* LICENCE.txt in Resources */,
				7A1A66071C9E4E0400A48CD9 /* WeiboSDK.bundle in Resources */,
				7A5CFAD11C97C81C0002AF99 /* Assets.xcassets in Resources */,
				7A182BF81CA426B100E99485 /* moveStoryboard.storyboard in Resources */,
				7A5CFB1A1C9845060002AF99 /* TouchItems.plist in Resources */,
				7A5CFB0F1C97DCA10002AF99 /* News.plist in Resources */,
				7A1A66151C9E84A800A48CD9 /* read_me.txt in Resources */,
				7A5CFAD41C97C81C0002AF99 /* LaunchScreen.storyboard in Resources */,
				7AABFFAE1CA0EDAC005CB2BA /* LeftStoryboard.storyboard in Resources */,
				7AEE4A131C98002D0081FBC6 /* HotTalk.plist in Resources */,
				7A04D8C41CA28B9E008A58EA /* 更新日志.rtf in Resources */,
				7AEE4A091C97F55D0081FBC6 /* LuoyangNews.plist in Resources */,
				7AEE4A1A1C9844AE0081FBC6 /* headView.plist in Resources */,
				7A04D8C61CA29C1C008A58EA /* Money.jpg in Resources */,
				7A4649351CA1737A00E4DBD4 /* defaultImage.jpg in Resources */,
				7A5CFB061C97C8C10002AF99 /* ProgressHUD.bundle in Resources */,
				7AEE4A051C97E6DE0081FBC6 /* letfView.xib in Resources */,
				7A04D8C11CA28B9E008A58EA /* AlipaySDK.bundle in Resources */,
				7AD3DB671C9A8A73001065DF /* LoginStoryboard.storyboard in Resources */,
				7A2DDEB31CA232920082F3CB /* PushConfig.plist in Resources */,
				7AA00C421C97E87600FD6D15 /* service.plist in Resources */,
				7AACECDD1C9C34D200A34CC1 /* WeatherStoryboard.storyboard in Resources */,
				7A04D8CE1CA2A37A008A58EA /* ailuoyang.plist in Resources */,
				7A0E43141C99986C0078D4A3 /* ServiceCollectionViewCell.xib in Resources */,
				7A6254021CA034C1002CA7E1 /* image2.jpg in Resources */,
				7A6254001CA0344B002CA7E1 /* image1.jpg in Resources */,
			);
			runOnlyForDeploymentPostprocessing = 0;
		};
/* End PBXResourcesBuildPhase section */

/* Begin PBXShellScriptBuildPhase section */
		4ABEB40E85F8C4BB71D6D969 /* Embed Pods Frameworks */ = {
			isa = PBXShellScriptBuildPhase;
			buildActionMask = 2147483647;
			files = (
			);
			inputPaths = (
			);
			name = "Embed Pods Frameworks";
			outputPaths = (
			);
			runOnlyForDeploymentPostprocessing = 0;
			shellPath = /bin/sh;
			shellScript = "\"${SRCROOT}/Pods/Target Support Files/Pods/Pods-frameworks.sh\"\n";
			showEnvVarsInLog = 0;
		};
		729F104DE986C63B9E448528 /* Check Pods Manifest.lock */ = {
			isa = PBXShellScriptBuildPhase;
			buildActionMask = 2147483647;
			files = (
			);
			inputPaths = (
			);
			name = "Check Pods Manifest.lock";
			outputPaths = (
			);
			runOnlyForDeploymentPostprocessing = 0;
			shellPath = /bin/sh;
			shellScript = "diff \"${PODS_ROOT}/../Podfile.lock\" \"${PODS_ROOT}/Manifest.lock\" > /dev/null\nif [[ $? != 0 ]] ; then\n    cat << EOM\nerror: The sandbox is not in sync with the Podfile.lock. Run 'pod install' or update your CocoaPods installation.\nEOM\n    exit 1\nfi\n";
			showEnvVarsInLog = 0;
		};
		FBC4A5275978732F3E918EC8 /* Copy Pods Resources */ = {
			isa = PBXShellScriptBuildPhase;
			buildActionMask = 2147483647;
			files = (
			);
			inputPaths = (
			);
			name = "Copy Pods Resources";
			outputPaths = (
			);
			runOnlyForDeploymentPostprocessing = 0;
			shellPath = /bin/sh;
			shellScript = "\"${SRCROOT}/Pods/Target Support Files/Pods/Pods-resources.sh\"\n";
			showEnvVarsInLog = 0;
		};
/* End PBXShellScriptBuildPhase section */

/* Begin PBXSourcesBuildPhase section */
		7A5CFAC31C97C81C0002AF99 /* Sources */ = {
			isa = PBXSourcesBuildPhase;
			buildActionMask = 2147483647;
			files = (
				7A07F7A41C9AC750008532DE /* NearViewController.m in Sources */,
				7A9F192A1C9E4C6F0009758B /* CustomCalloutView.m in Sources */,
				7AABFFAA1CA0E73A005CB2BA /* RECommonFunctions.m in Sources */,
				7A2DDEB61CA246B10082F3CB /* aboutViewController.m in Sources */,
				7A5CFB121C980B4C0002AF99 /* NewsCollectionViewCell.m in Sources */,
				7A7EDBA91C993AAC00DC6EDF /* LocationViewController.m in Sources */,
				7AF172251C98F9BA00AC94D1 /* NewsScondCollectionViewCell.m in Sources */,
				7AACECDB1C9C208000A34CC1 /* WeatherViewController.m in Sources */,
				7A0E430F1C99985B0078D4A3 /* serviceModel.m in Sources */,
				7AE42B7C1CA0EC7400C83BF7 /* CollectResultViewController.m in Sources */,
				7A9F19271C9E4C3B0009758B /* CustomAnnotationView.m in Sources */,
				7AD3DB601C9A557D001065DF /* LoginViewController.m in Sources */,
				7A5CFB0D1C97D8280002AF99 /* NewsModel.m in Sources */,
				7AABFFAC1CA0E73A005CB2BA /* UIViewController+RESideMenu.m in Sources */,
				7AABFFA21CA0E6CA005CB2BA /* LeftViewController.m in Sources */,
				7A5CFB071C97C8C10002AF99 /* ProgressHUD.m in Sources */,
				7AEE49FF1C97E60B0081FBC6 /* leftView.m in Sources */,
				7A5CFB031C97C8C10002AF99 /* MessageViewController.m in Sources */,
				7A98C2E81CA02C4400EC4C74 /* DataBaseManger.m in Sources */,
				7A1A660D1C9E557100A48CD9 /* UIView+Extension.m in Sources */,
				7A1A660A1C9E523200A48CD9 /* ShareView.m in Sources */,
				7A5CFB181C9824190002AF99 /* NewsTwoViewController.m in Sources */,
				7AD2D52C1C9E6B2200298043 /* QRCodeViewController.m in Sources */,
				7AD16D401C9BFE9100DC275C /* ForgetThePasswordViewController.m in Sources */,
				7A5CFB0A1C97C8C10002AF99 /* ShowViewController.m in Sources */,
				7A4649331CA14FD000E4DBD4 /* QRCodeReaderViewController.m in Sources */,
				7AD3DB6A1C9AC99A001065DF /* RegisterViewController.m in Sources */,
				7A8131AC1C9BFF4100114348 /* UIView+YSTextInputKeyboard.m in Sources */,
				7AEE4A0C1C97F6260081FBC6 /* LuoyangNews.m in Sources */,
				7A7073C21C9CF3CE00D13F7B /* DiscussViewController.m in Sources */,
				7A5CFB091C97C8C10002AF99 /* ServiceViewController.m in Sources */,
				7AA00C3E1C97E1AC00FD6D15 /* Reachability.m in Sources */,
				7AD2D53C1C9E8A3D00298043 /* RoadViewController.m in Sources */,
				7A5CFACF1C97C81C0002AF99 /* AppDelegate.m in Sources */,
				7A93966D1C9D5BAE0008DC18 /* CollectViewController.m in Sources */,
				7A0E43131C99986C0078D4A3 /* ServiceCollectionViewCell.m in Sources */,
				7A04D8CC1CA2A00F008A58EA /* AiLuoyang.m in Sources */,
				7A4649311CA14FD000E4DBD4 /* QRCameraSwitchButton.m in Sources */,
				7A5CFACC1C97C81C0002AF99 /* main.m in Sources */,
				7AEE4A101C97F9410081FBC6 /* LuoyangNewsTableViewCell.m in Sources */,
				7AE42B5E1CA0CC9300C83BF7 /* CollectTableViewCell.m in Sources */,
				7A5CFB081C97C8C10002AF99 /* UIViewController+Common.m in Sources */,
				7AEE4A1D1C9845090081FBC6 /* headPhotoModel.m in Sources */,
				7A4649281CA12F6F00E4DBD4 /* SettingViewController.m in Sources */,
				7A4055A91C9817490040895C /* ServicedidViewController.m in Sources */,
				7A5CFB081C97C8C10002AF99 /* UIViewController+Common.m in Sources */,
				7AABFFAB1CA0E73A005CB2BA /* RESideMenu.m in Sources */,
				7AD3DB5D1C9A449A001065DF /* TitleViewController.m in Sources */,
				7AA00C401C97E1AC00FD6D15 /* ZMYNetManager.m in Sources */,
				7A5CFB051C97C8C10002AF99 /* HWTools.m in Sources */,
				7A43EC5A1C9EAB5B00F880EF /* SYTCodeScanerViewController.m in Sources */,
				7AA00C3F1C97E1AC00FD6D15 /* README.md in Sources */,
				7A4649321CA14FD000E4DBD4 /* QRCodeReaderView.m in Sources */,
				7A5CFB041C97C8C10002AF99 /* NewsViewController.m in Sources */,
				7A04D8C91CA29D7A008A58EA /* MoveViewController.m in Sources */,
				7A98C2E51CA02A2E00EC4C74 /* Collect.m in Sources */,
				7AEE4A161C980ED40081FBC6 /* NewsDetailViewController.m in Sources */,
			);
			runOnlyForDeploymentPostprocessing = 0;
		};
/* End PBXSourcesBuildPhase section */

/* Begin PBXVariantGroup section */
		7A5CFAD21C97C81C0002AF99 /* LaunchScreen.storyboard */ = {
			isa = PBXVariantGroup;
			children = (
				7A5CFAD31C97C81C0002AF99 /* Base */,
			);
			name = LaunchScreen.storyboard;
			sourceTree = "<group>";
		};
/* End PBXVariantGroup section */

/* Begin XCBuildConfiguration section */
		7A5CFAD61C97C81C0002AF99 /* Debug */ = {
			isa = XCBuildConfiguration;
			buildSettings = {
				ALWAYS_SEARCH_USER_PATHS = NO;
				CLANG_CXX_LANGUAGE_STANDARD = "gnu++0x";
				CLANG_CXX_LIBRARY = "libc++";
				CLANG_ENABLE_MODULES = YES;
				CLANG_ENABLE_OBJC_ARC = YES;
				CLANG_WARN_BOOL_CONVERSION = YES;
				CLANG_WARN_CONSTANT_CONVERSION = YES;
				CLANG_WARN_DIRECT_OBJC_ISA_USAGE = YES_ERROR;
				CLANG_WARN_EMPTY_BODY = YES;
				CLANG_WARN_ENUM_CONVERSION = YES;
				CLANG_WARN_INT_CONVERSION = YES;
				CLANG_WARN_OBJC_ROOT_CLASS = YES_ERROR;
				CLANG_WARN_UNREACHABLE_CODE = YES;
				CLANG_WARN__DUPLICATE_METHOD_MATCH = YES;
				"CODE_SIGN_IDENTITY[sdk=iphoneos*]" = "iPhone Developer";
				COPY_PHASE_STRIP = NO;
				DEBUG_INFORMATION_FORMAT = dwarf;
				ENABLE_STRICT_OBJC_MSGSEND = YES;
				ENABLE_TESTABILITY = YES;
				GCC_C_LANGUAGE_STANDARD = gnu99;
				GCC_DYNAMIC_NO_PIC = NO;
				GCC_NO_COMMON_BLOCKS = YES;
				GCC_OPTIMIZATION_LEVEL = 0;
				GCC_PREPROCESSOR_DEFINITIONS = (
					"DEBUG=1",
					"$(inherited)",
				);
				GCC_WARN_64_TO_32_BIT_CONVERSION = YES;
				GCC_WARN_ABOUT_RETURN_TYPE = YES_ERROR;
				GCC_WARN_UNDECLARED_SELECTOR = YES;
				GCC_WARN_UNINITIALIZED_AUTOS = YES_AGGRESSIVE;
				GCC_WARN_UNUSED_FUNCTION = YES;
				GCC_WARN_UNUSED_VARIABLE = YES;
				IPHONEOS_DEPLOYMENT_TARGET = 8.4;
				MTL_ENABLE_DEBUG_INFO = YES;
				ONLY_ACTIVE_ARCH = YES;
				SDKROOT = iphoneos;
			};
			name = Debug;
		};
		7A5CFAD71C97C81C0002AF99 /* Release */ = {
			isa = XCBuildConfiguration;
			buildSettings = {
				ALWAYS_SEARCH_USER_PATHS = NO;
				CLANG_CXX_LANGUAGE_STANDARD = "gnu++0x";
				CLANG_CXX_LIBRARY = "libc++";
				CLANG_ENABLE_MODULES = YES;
				CLANG_ENABLE_OBJC_ARC = YES;
				CLANG_WARN_BOOL_CONVERSION = YES;
				CLANG_WARN_CONSTANT_CONVERSION = YES;
				CLANG_WARN_DIRECT_OBJC_ISA_USAGE = YES_ERROR;
				CLANG_WARN_EMPTY_BODY = YES;
				CLANG_WARN_ENUM_CONVERSION = YES;
				CLANG_WARN_INT_CONVERSION = YES;
				CLANG_WARN_OBJC_ROOT_CLASS = YES_ERROR;
				CLANG_WARN_UNREACHABLE_CODE = YES;
				CLANG_WARN__DUPLICATE_METHOD_MATCH = YES;
				"CODE_SIGN_IDENTITY[sdk=iphoneos*]" = "iPhone Developer";
				COPY_PHASE_STRIP = NO;
				DEBUG_INFORMATION_FORMAT = "dwarf-with-dsym";
				ENABLE_NS_ASSERTIONS = NO;
				ENABLE_STRICT_OBJC_MSGSEND = YES;
				GCC_C_LANGUAGE_STANDARD = gnu99;
				GCC_NO_COMMON_BLOCKS = YES;
				GCC_WARN_64_TO_32_BIT_CONVERSION = YES;
				GCC_WARN_ABOUT_RETURN_TYPE = YES_ERROR;
				GCC_WARN_UNDECLARED_SELECTOR = YES;
				GCC_WARN_UNINITIALIZED_AUTOS = YES_AGGRESSIVE;
				GCC_WARN_UNUSED_FUNCTION = YES;
				GCC_WARN_UNUSED_VARIABLE = YES;
				IPHONEOS_DEPLOYMENT_TARGET = 8.4;
				MTL_ENABLE_DEBUG_INFO = NO;
				SDKROOT = iphoneos;
				VALIDATE_PRODUCT = YES;
			};
			name = Release;
		};
		7A5CFAD91C97C81C0002AF99 /* Debug */ = {
			isa = XCBuildConfiguration;
			baseConfigurationReference = FFBA45722C735EF737B85187 /* Pods.debug.xcconfig */;
			buildSettings = {
				ASSETCATALOG_COMPILER_APPICON_NAME = AppIcon;
				CODE_SIGN_IDENTITY = "iPhone Developer";
				"CODE_SIGN_IDENTITY[sdk=iphoneos*]" = "iPhone Developer";
				FRAMEWORK_SEARCH_PATHS = (
					"$(inherited)",
					"$(PROJECT_DIR)/ViewLuoYang/Class/Resource",
					"$(PROJECT_DIR)/ViewLuoYang/Class/Resource/BmobPay_V1.0.5",
				);
				GCC_PREFIX_HEADER = "$(SRCROOT)/ViewLuoYang/Class/Resource/MySelf.pch";
				INFOPLIST_FILE = ViewLuoYang/Info.plist;
				IPHONEOS_DEPLOYMENT_TARGET = 8.1;
				LD_RUNPATH_SEARCH_PATHS = "$(inherited) @executable_path/Frameworks";
				LIBRARY_SEARCH_PATHS = (
					"$(inherited)",
					"$(PROJECT_DIR)/libWeiboSDK",
					"$(PROJECT_DIR)/ViewLuoYang/Library/libWeiboSDK",
					"$(PROJECT_DIR)/ViewLuoYang/Library/SDK1.6.2",
					"$(PROJECT_DIR)/ViewLuoYang/Class/Resource",
					"$(PROJECT_DIR)/ViewLuoYang/Class/Resource/lib",
				);
				OTHER_LDFLAGS = (
					"$(inherited)",
					"-l\"AFNetworking\"",
					"-l\"MJRefresh\"",
					"-l\"SDWebImage\"",
					"-l\"c++\"",
					"-l\"stdc++.6.0.9\"",
					"-l\"z\"",
					"-framework",
					"\"AMapLocationKit\"",
					"-framework",
					"\"AMapSearchKit\"",
					"-framework",
					"\"CoreGraphics\"",
					"-framework",
					"\"CoreLocation\"",
					"-framework",
					"\"CoreTelephony\"",
					"-framework",
					"\"ImageIO\"",
					"-framework",
					"\"MAMapKit\"",
					"-framework",
					"\"MobileCoreServices\"",
					"-framework",
					"\"QuartzCore\"",
					"-framework",
					"\"Security\"",
					"-framework",
					"\"SystemConfiguration\"",
				);
				PRODUCT_BUNDLE_IDENTIFIER = com.QinJunzhen.ViewLuoYangs;
				PRODUCT_NAME = "$(TARGET_NAME)";
				PROVISIONING_PROFILE = "";
			};
			name = Debug;
		};
		7A5CFADA1C97C81C0002AF99 /* Release */ = {
			isa = XCBuildConfiguration;
			baseConfigurationReference = 343C6496E289605AF2800A0C /* Pods.release.xcconfig */;
			buildSettings = {
				ASSETCATALOG_COMPILER_APPICON_NAME = AppIcon;
				CODE_SIGN_IDENTITY = "iPhone Developer";
				"CODE_SIGN_IDENTITY[sdk=iphoneos*]" = "iPhone Developer";
				FRAMEWORK_SEARCH_PATHS = (
					"$(inherited)",
					"$(PROJECT_DIR)/ViewLuoYang/Class/Resource",
					"$(PROJECT_DIR)/ViewLuoYang/Class/Resource/BmobPay_V1.0.5",
				);
				GCC_PREFIX_HEADER = "$(SRCROOT)/ViewLuoYang/Class/Resource/MySelf.pch";
				INFOPLIST_FILE = ViewLuoYang/Info.plist;
				IPHONEOS_DEPLOYMENT_TARGET = 8.1;
				LD_RUNPATH_SEARCH_PATHS = "$(inherited) @executable_path/Frameworks";
				LIBRARY_SEARCH_PATHS = (
					"$(inherited)",
					"$(PROJECT_DIR)/libWeiboSDK",
					"$(PROJECT_DIR)/ViewLuoYang/Library/libWeiboSDK",
					"$(PROJECT_DIR)/ViewLuoYang/Library/SDK1.6.2",
					"$(PROJECT_DIR)/ViewLuoYang/Class/Resource",
					"$(PROJECT_DIR)/ViewLuoYang/Class/Resource/lib",
				);
				OTHER_LDFLAGS = (
					"$(inherited)",
					"-l\"AFNetworking\"",
					"-l\"MJRefresh\"",
					"-l\"SDWebImage\"",
					"-l\"c++\"",
					"-l\"stdc++.6.0.9\"",
					"-l\"z\"",
					"-framework",
					"\"AMapLocationKit\"",
					"-framework",
					"\"AMapSearchKit\"",
					"-framework",
					"\"CoreGraphics\"",
					"-framework",
					"\"CoreLocation\"",
					"-framework",
					"\"CoreTelephony\"",
					"-framework",
					"\"ImageIO\"",
					"-framework",
					"\"MAMapKit\"",
					"-framework",
					"\"MobileCoreServices\"",
					"-framework",
					"\"QuartzCore\"",
					"-framework",
					"\"Security\"",
					"-framework",
					"\"SystemConfiguration\"",
				);
				PRODUCT_BUNDLE_IDENTIFIER = com.QinJunzhen.ViewLuoYangs;
				PRODUCT_NAME = "$(TARGET_NAME)";
				PROVISIONING_PROFILE = "";
			};
			name = Release;
		};
/* End XCBuildConfiguration section */

/* Begin XCConfigurationList section */
		7A5CFAC21C97C81C0002AF99 /* Build configuration list for PBXProject "ViewLuoYang" */ = {
			isa = XCConfigurationList;
			buildConfigurations = (
				7A5CFAD61C97C81C0002AF99 /* Debug */,
				7A5CFAD71C97C81C0002AF99 /* Release */,
			);
			defaultConfigurationIsVisible = 0;
			defaultConfigurationName = Release;
		};
		7A5CFAD81C97C81C0002AF99 /* Build configuration list for PBXNativeTarget "ViewLuoYang" */ = {
			isa = XCConfigurationList;
			buildConfigurations = (
				7A5CFAD91C97C81C0002AF99 /* Debug */,
				7A5CFADA1C97C81C0002AF99 /* Release */,
			);
			defaultConfigurationIsVisible = 0;
			defaultConfigurationName = Release;
		};
/* End XCConfigurationList section */
	};
	rootObject = 7A5CFABF1C97C81C0002AF99 /* Project object */;
}
